// !$*UTF8*$!
{
	archiveVersion = 1;
	classes = {
	};
	objectVersion = 56;
	objects = {

/* Begin PBXBuildFile section */
		0C04A7712AE92CA5002972CF /* Router.swift in Sources */ = {isa = PBXBuildFile; fileRef = 0C04A7702AE92CA5002972CF /* Router.swift */; };
		0C04A7742AE92CBD002972CF /* Alamofire in Frameworks */ = {isa = PBXBuildFile; productRef = 0C04A7732AE92CBD002972CF /* Alamofire */; };
		0C04A7762AE933B1002972CF /* GenericNetworkingHelper.swift in Sources */ = {isa = PBXBuildFile; fileRef = 0C04A7752AE933B1002972CF /* GenericNetworkingHelper.swift */; };
		0C04A7782AE938CF002972CF /* User.swift in Sources */ = {isa = PBXBuildFile; fileRef = 0C04A7772AE938CF002972CF /* User.swift */; };
		0C04A77D2AE94147002972CF /* HomeVC.swift in Sources */ = {isa = PBXBuildFile; fileRef = 0C04A77C2AE94147002972CF /* HomeVC.swift */; };
		0C04A7812AEA4B5D002972CF /* LoginVM.swift in Sources */ = {isa = PBXBuildFile; fileRef = 0C04A7802AEA4B5D002972CF /* LoginVM.swift */; };
		0C04A7852AEA817B002972CF /* LoginSuccessResponse.swift in Sources */ = {isa = PBXBuildFile; fileRef = 0C04A7842AEA817B002972CF /* LoginSuccessResponse.swift */; };
		0C20B7C22ADC322900C71BF7 /* SignUpVC.swift in Sources */ = {isa = PBXBuildFile; fileRef = 0C20B7C12ADC322900C71BF7 /* SignUpVC.swift */; };
		0CF741F52AD99AC7002B1389 /* AppDelegate.swift in Sources */ = {isa = PBXBuildFile; fileRef = 0CF741F42AD99AC7002B1389 /* AppDelegate.swift */; };
		0CF741F72AD99AC7002B1389 /* SceneDelegate.swift in Sources */ = {isa = PBXBuildFile; fileRef = 0CF741F62AD99AC7002B1389 /* SceneDelegate.swift */; };
		0CF741FE2AD99AC9002B1389 /* Assets.xcassets in Resources */ = {isa = PBXBuildFile; fileRef = 0CF741FD2AD99AC9002B1389 /* Assets.xcassets */; };
		0CF742012AD99AC9002B1389 /* LaunchScreen.storyboard in Resources */ = {isa = PBXBuildFile; fileRef = 0CF741FF2AD99AC9002B1389 /* LaunchScreen.storyboard */; };
		0CF742092AD99B64002B1389 /* LoginVC.swift in Sources */ = {isa = PBXBuildFile; fileRef = 0CF742082AD99B64002B1389 /* LoginVC.swift */; };
		0CF7420C2AD99BCE002B1389 /* SnapKit in Frameworks */ = {isa = PBXBuildFile; productRef = 0CF7420B2AD99BCE002B1389 /* SnapKit */; };
		0CF7420F2AD99BEB002B1389 /* TinyConstraints in Frameworks */ = {isa = PBXBuildFile; productRef = 0CF7420E2AD99BEB002B1389 /* TinyConstraints */; };
		0CF742112AD99FE8002B1389 /* Extentions.swift in Sources */ = {isa = PBXBuildFile; fileRef = 0CF742102AD99FE8002B1389 /* Extentions.swift */; };
		0CF7424D2ADACB06002B1389 /* Poppins-ExtraLight.ttf in Resources */ = {isa = PBXBuildFile; fileRef = 0CF7423A2ADACB06002B1389 /* Poppins-ExtraLight.ttf */; };
		0CF7424E2ADACB06002B1389 /* Poppins-ThinItalic.ttf in Resources */ = {isa = PBXBuildFile; fileRef = 0CF7423B2ADACB06002B1389 /* Poppins-ThinItalic.ttf */; };
		0CF7424F2ADACB06002B1389 /* Poppins-ExtraLightItalic.ttf in Resources */ = {isa = PBXBuildFile; fileRef = 0CF7423C2ADACB06002B1389 /* Poppins-ExtraLightItalic.ttf */; };
		0CF742502ADACB06002B1389 /* Poppins-BoldItalic.ttf in Resources */ = {isa = PBXBuildFile; fileRef = 0CF7423D2ADACB06002B1389 /* Poppins-BoldItalic.ttf */; };
		0CF742512ADACB06002B1389 /* Poppins-Light.ttf in Resources */ = {isa = PBXBuildFile; fileRef = 0CF7423E2ADACB06002B1389 /* Poppins-Light.ttf */; };
		0CF742522ADACB06002B1389 /* Poppins-Medium.ttf in Resources */ = {isa = PBXBuildFile; fileRef = 0CF7423F2ADACB06002B1389 /* Poppins-Medium.ttf */; };
		0CF742532ADACB06002B1389 /* Poppins-SemiBoldItalic.ttf in Resources */ = {isa = PBXBuildFile; fileRef = 0CF742402ADACB06002B1389 /* Poppins-SemiBoldItalic.ttf */; };
		0CF742542ADACB06002B1389 /* Poppins-ExtraBoldItalic.ttf in Resources */ = {isa = PBXBuildFile; fileRef = 0CF742412ADACB06002B1389 /* Poppins-ExtraBoldItalic.ttf */; };
		0CF742552ADACB06002B1389 /* Poppins-ExtraBold.ttf in Resources */ = {isa = PBXBuildFile; fileRef = 0CF742422ADACB06002B1389 /* Poppins-ExtraBold.ttf */; };
		0CF742562ADACB06002B1389 /* Poppins-BlackItalic.ttf in Resources */ = {isa = PBXBuildFile; fileRef = 0CF742432ADACB06002B1389 /* Poppins-BlackItalic.ttf */; };
		0CF742572ADACB06002B1389 /* OFL.txt in Resources */ = {isa = PBXBuildFile; fileRef = 0CF742442ADACB06002B1389 /* OFL.txt */; };
		0CF742582ADACB06002B1389 /* Poppins-Regular.ttf in Resources */ = {isa = PBXBuildFile; fileRef = 0CF742452ADACB06002B1389 /* Poppins-Regular.ttf */; };
		0CF742592ADACB06002B1389 /* Poppins-LightItalic.ttf in Resources */ = {isa = PBXBuildFile; fileRef = 0CF742462ADACB06002B1389 /* Poppins-LightItalic.ttf */; };
		0CF7425A2ADACB06002B1389 /* Poppins-Bold.ttf in Resources */ = {isa = PBXBuildFile; fileRef = 0CF742472ADACB06002B1389 /* Poppins-Bold.ttf */; };
		0CF7425B2ADACB06002B1389 /* Poppins-Black.ttf in Resources */ = {isa = PBXBuildFile; fileRef = 0CF742482ADACB06002B1389 /* Poppins-Black.ttf */; };
		0CF7425C2ADACB06002B1389 /* Poppins-Thin.ttf in Resources */ = {isa = PBXBuildFile; fileRef = 0CF742492ADACB06002B1389 /* Poppins-Thin.ttf */; };
		0CF7425D2ADACB06002B1389 /* Poppins-SemiBold.ttf in Resources */ = {isa = PBXBuildFile; fileRef = 0CF7424A2ADACB06002B1389 /* Poppins-SemiBold.ttf */; };
		0CF7425E2ADACB06002B1389 /* Poppins-Italic.ttf in Resources */ = {isa = PBXBuildFile; fileRef = 0CF7424B2ADACB06002B1389 /* Poppins-Italic.ttf */; };
		0CF7425F2ADACB06002B1389 /* Poppins-MediumItalic.ttf in Resources */ = {isa = PBXBuildFile; fileRef = 0CF7424C2ADACB06002B1389 /* Poppins-MediumItalic.ttf */; };
		0CF742622ADB3474002B1389 /* UIViewCC.swift in Sources */ = {isa = PBXBuildFile; fileRef = 0CF742612ADB3474002B1389 /* UIViewCC.swift */; };
		0CF742642ADB3546002B1389 /* UITextFieldCC.swift in Sources */ = {isa = PBXBuildFile; fileRef = 0CF742632ADB3546002B1389 /* UITextFieldCC.swift */; };
		0CF742662ADB47B2002B1389 /* UILabelCC.swift in Sources */ = {isa = PBXBuildFile; fileRef = 0CF742652ADB47B2002B1389 /* UILabelCC.swift */; };
/* End PBXBuildFile section */

/* Begin PBXFileReference section */
		0C04A7702AE92CA5002972CF /* Router.swift */ = {isa = PBXFileReference; lastKnownFileType = sourcecode.swift; path = Router.swift; sourceTree = "<group>"; };
		0C04A7752AE933B1002972CF /* GenericNetworkingHelper.swift */ = {isa = PBXFileReference; lastKnownFileType = sourcecode.swift; path = GenericNetworkingHelper.swift; sourceTree = "<group>"; };
		0C04A7772AE938CF002972CF /* User.swift */ = {isa = PBXFileReference; lastKnownFileType = sourcecode.swift; path = User.swift; sourceTree = "<group>"; };
		0C04A77C2AE94147002972CF /* HomeVC.swift */ = {isa = PBXFileReference; lastKnownFileType = sourcecode.swift; path = HomeVC.swift; sourceTree = "<group>"; };
		0C04A7802AEA4B5D002972CF /* LoginVM.swift */ = {isa = PBXFileReference; lastKnownFileType = sourcecode.swift; path = LoginVM.swift; sourceTree = "<group>"; };
		0C04A7842AEA817B002972CF /* LoginSuccessResponse.swift */ = {isa = PBXFileReference; lastKnownFileType = sourcecode.swift; path = LoginSuccessResponse.swift; sourceTree = "<group>"; };
		0C20B7C12ADC322900C71BF7 /* SignUpVC.swift */ = {isa = PBXFileReference; lastKnownFileType = sourcecode.swift; path = SignUpVC.swift; sourceTree = "<group>"; };
		0CF741F12AD99AC7002B1389 /* TravioProject.app */ = {isa = PBXFileReference; explicitFileType = wrapper.application; includeInIndex = 0; path = TravioProject.app; sourceTree = BUILT_PRODUCTS_DIR; };
		0CF741F42AD99AC7002B1389 /* AppDelegate.swift */ = {isa = PBXFileReference; lastKnownFileType = sourcecode.swift; path = AppDelegate.swift; sourceTree = "<group>"; };
		0CF741F62AD99AC7002B1389 /* SceneDelegate.swift */ = {isa = PBXFileReference; lastKnownFileType = sourcecode.swift; path = SceneDelegate.swift; sourceTree = "<group>"; };
		0CF741FD2AD99AC9002B1389 /* Assets.xcassets */ = {isa = PBXFileReference; lastKnownFileType = folder.assetcatalog; path = Assets.xcassets; sourceTree = "<group>"; };
		0CF742002AD99AC9002B1389 /* Base */ = {isa = PBXFileReference; lastKnownFileType = file.storyboard; name = Base; path = Base.lproj/LaunchScreen.storyboard; sourceTree = "<group>"; };
		0CF742022AD99AC9002B1389 /* Info.plist */ = {isa = PBXFileReference; lastKnownFileType = text.plist.xml; path = Info.plist; sourceTree = "<group>"; };
		0CF742082AD99B64002B1389 /* LoginVC.swift */ = {isa = PBXFileReference; lastKnownFileType = sourcecode.swift; path = LoginVC.swift; sourceTree = "<group>"; };
		0CF742102AD99FE8002B1389 /* Extentions.swift */ = {isa = PBXFileReference; lastKnownFileType = sourcecode.swift; path = Extentions.swift; sourceTree = "<group>"; };
		0CF7423A2ADACB06002B1389 /* Poppins-ExtraLight.ttf */ = {isa = PBXFileReference; lastKnownFileType = file; path = "Poppins-ExtraLight.ttf"; sourceTree = "<group>"; };
		0CF7423B2ADACB06002B1389 /* Poppins-ThinItalic.ttf */ = {isa = PBXFileReference; lastKnownFileType = file; path = "Poppins-ThinItalic.ttf"; sourceTree = "<group>"; };
		0CF7423C2ADACB06002B1389 /* Poppins-ExtraLightItalic.ttf */ = {isa = PBXFileReference; lastKnownFileType = file; path = "Poppins-ExtraLightItalic.ttf"; sourceTree = "<group>"; };
		0CF7423D2ADACB06002B1389 /* Poppins-BoldItalic.ttf */ = {isa = PBXFileReference; lastKnownFileType = file; path = "Poppins-BoldItalic.ttf"; sourceTree = "<group>"; };
		0CF7423E2ADACB06002B1389 /* Poppins-Light.ttf */ = {isa = PBXFileReference; lastKnownFileType = file; path = "Poppins-Light.ttf"; sourceTree = "<group>"; };
		0CF7423F2ADACB06002B1389 /* Poppins-Medium.ttf */ = {isa = PBXFileReference; lastKnownFileType = file; path = "Poppins-Medium.ttf"; sourceTree = "<group>"; };
		0CF742402ADACB06002B1389 /* Poppins-SemiBoldItalic.ttf */ = {isa = PBXFileReference; lastKnownFileType = file; path = "Poppins-SemiBoldItalic.ttf"; sourceTree = "<group>"; };
		0CF742412ADACB06002B1389 /* Poppins-ExtraBoldItalic.ttf */ = {isa = PBXFileReference; lastKnownFileType = file; path = "Poppins-ExtraBoldItalic.ttf"; sourceTree = "<group>"; };
		0CF742422ADACB06002B1389 /* Poppins-ExtraBold.ttf */ = {isa = PBXFileReference; lastKnownFileType = file; path = "Poppins-ExtraBold.ttf"; sourceTree = "<group>"; };
		0CF742432ADACB06002B1389 /* Poppins-BlackItalic.ttf */ = {isa = PBXFileReference; lastKnownFileType = file; path = "Poppins-BlackItalic.ttf"; sourceTree = "<group>"; };
		0CF742442ADACB06002B1389 /* OFL.txt */ = {isa = PBXFileReference; fileEncoding = 4; lastKnownFileType = text; path = OFL.txt; sourceTree = "<group>"; };
		0CF742452ADACB06002B1389 /* Poppins-Regular.ttf */ = {isa = PBXFileReference; lastKnownFileType = file; path = "Poppins-Regular.ttf"; sourceTree = "<group>"; };
		0CF742462ADACB06002B1389 /* Poppins-LightItalic.ttf */ = {isa = PBXFileReference; lastKnownFileType = file; path = "Poppins-LightItalic.ttf"; sourceTree = "<group>"; };
		0CF742472ADACB06002B1389 /* Poppins-Bold.ttf */ = {isa = PBXFileReference; lastKnownFileType = file; path = "Poppins-Bold.ttf"; sourceTree = "<group>"; };
		0CF742482ADACB06002B1389 /* Poppins-Black.ttf */ = {isa = PBXFileReference; lastKnownFileType = file; path = "Poppins-Black.ttf"; sourceTree = "<group>"; };
		0CF742492ADACB06002B1389 /* Poppins-Thin.ttf */ = {isa = PBXFileReference; lastKnownFileType = file; path = "Poppins-Thin.ttf"; sourceTree = "<group>"; };
		0CF7424A2ADACB06002B1389 /* Poppins-SemiBold.ttf */ = {isa = PBXFileReference; lastKnownFileType = file; path = "Poppins-SemiBold.ttf"; sourceTree = "<group>"; };
		0CF7424B2ADACB06002B1389 /* Poppins-Italic.ttf */ = {isa = PBXFileReference; lastKnownFileType = file; path = "Poppins-Italic.ttf"; sourceTree = "<group>"; };
		0CF7424C2ADACB06002B1389 /* Poppins-MediumItalic.ttf */ = {isa = PBXFileReference; lastKnownFileType = file; path = "Poppins-MediumItalic.ttf"; sourceTree = "<group>"; };
		0CF742612ADB3474002B1389 /* UIViewCC.swift */ = {isa = PBXFileReference; lastKnownFileType = sourcecode.swift; path = UIViewCC.swift; sourceTree = "<group>"; };
		0CF742632ADB3546002B1389 /* UITextFieldCC.swift */ = {isa = PBXFileReference; lastKnownFileType = sourcecode.swift; path = UITextFieldCC.swift; sourceTree = "<group>"; };
		0CF742652ADB47B2002B1389 /* UILabelCC.swift */ = {isa = PBXFileReference; lastKnownFileType = sourcecode.swift; path = UILabelCC.swift; sourceTree = "<group>"; };
/* End PBXFileReference section */

/* Begin PBXFrameworksBuildPhase section */
		0CF741EE2AD99AC7002B1389 /* Frameworks */ = {
			isa = PBXFrameworksBuildPhase;
			buildActionMask = 2147483647;
			files = (
				0C04A7742AE92CBD002972CF /* Alamofire in Frameworks */,
				0CF7420C2AD99BCE002B1389 /* SnapKit in Frameworks */,
				0CF7420F2AD99BEB002B1389 /* TinyConstraints in Frameworks */,
			);
			runOnlyForDeploymentPostprocessing = 0;
		};
/* End PBXFrameworksBuildPhase section */

/* Begin PBXGroup section */
		0062B3C02AE91055000066E5 /* Utils */ = {
			isa = PBXGroup;
			children = (
				0CF742102AD99FE8002B1389 /* Extentions.swift */,
				0C04A7702AE92CA5002972CF /* Router.swift */,
				0C04A7752AE933B1002972CF /* GenericNetworkingHelper.swift */,
			);
			path = Utils;
			sourceTree = "<group>";
		};
		0062B3C12AE910B0000066E5 /* LoginPage */ = {
			isa = PBXGroup;
			children = (
				0CF742082AD99B64002B1389 /* LoginVC.swift */,
				0C04A7802AEA4B5D002972CF /* LoginVM.swift */,
				0C04A7772AE938CF002972CF /* User.swift */,
				0C04A7842AEA817B002972CF /* LoginSuccessResponse.swift */,
			);
			path = LoginPage;
			sourceTree = "<group>";
		};
		0062B3C22AE910E5000066E5 /* SignUpPage */ = {
			isa = PBXGroup;
			children = (
				0C20B7C12ADC322900C71BF7 /* SignUpVC.swift */,
			);
			path = SignUpPage;
			sourceTree = "<group>";
		};
		0C04A77B2AE94111002972CF /* HomePage */ = {
			isa = PBXGroup;
			children = (
				0C04A77C2AE94147002972CF /* HomeVC.swift */,
			);
			path = HomePage;
			sourceTree = "<group>";
		};
		0CF741E82AD99AC7002B1389 = {
			isa = PBXGroup;
			children = (
				0CF741F32AD99AC7002B1389 /* TravioProject */,
				0CF741F22AD99AC7002B1389 /* Products */,
			);
			sourceTree = "<group>";
		};
		0CF741F22AD99AC7002B1389 /* Products */ = {
			isa = PBXGroup;
			children = (
				0CF741F12AD99AC7002B1389 /* TravioProject.app */,
			);
			name = Products;
			sourceTree = "<group>";
		};
		0CF741F32AD99AC7002B1389 /* TravioProject */ = {
			isa = PBXGroup;
			children = (
				0CF741F42AD99AC7002B1389 /* AppDelegate.swift */,
				0CF741F62AD99AC7002B1389 /* SceneDelegate.swift */,
				0C04A77B2AE94111002972CF /* HomePage */,
				0062B3C22AE910E5000066E5 /* SignUpPage */,
				0062B3C12AE910B0000066E5 /* LoginPage */,
				0062B3C02AE91055000066E5 /* Utils */,
				0CF742602ADB33AB002B1389 /* CustomViews */,
				0CF741FD2AD99AC9002B1389 /* Assets.xcassets */,
				0CF741FF2AD99AC9002B1389 /* LaunchScreen.storyboard */,
				0CF742022AD99AC9002B1389 /* Info.plist */,
				0CF742392ADACB06002B1389 /* Poppins */,
			);
			path = TravioProject;
			sourceTree = "<group>";
		};
		0CF742392ADACB06002B1389 /* Poppins */ = {
			isa = PBXGroup;
			children = (
				0CF7423A2ADACB06002B1389 /* Poppins-ExtraLight.ttf */,
				0CF7423B2ADACB06002B1389 /* Poppins-ThinItalic.ttf */,
				0CF7423C2ADACB06002B1389 /* Poppins-ExtraLightItalic.ttf */,
				0CF7423D2ADACB06002B1389 /* Poppins-BoldItalic.ttf */,
				0CF7423E2ADACB06002B1389 /* Poppins-Light.ttf */,
				0CF7423F2ADACB06002B1389 /* Poppins-Medium.ttf */,
				0CF742402ADACB06002B1389 /* Poppins-SemiBoldItalic.ttf */,
				0CF742412ADACB06002B1389 /* Poppins-ExtraBoldItalic.ttf */,
				0CF742422ADACB06002B1389 /* Poppins-ExtraBold.ttf */,
				0CF742432ADACB06002B1389 /* Poppins-BlackItalic.ttf */,
				0CF742442ADACB06002B1389 /* OFL.txt */,
				0CF742452ADACB06002B1389 /* Poppins-Regular.ttf */,
				0CF742462ADACB06002B1389 /* Poppins-LightItalic.ttf */,
				0CF742472ADACB06002B1389 /* Poppins-Bold.ttf */,
				0CF742482ADACB06002B1389 /* Poppins-Black.ttf */,
				0CF742492ADACB06002B1389 /* Poppins-Thin.ttf */,
				0CF7424A2ADACB06002B1389 /* Poppins-SemiBold.ttf */,
				0CF7424B2ADACB06002B1389 /* Poppins-Italic.ttf */,
				0CF7424C2ADACB06002B1389 /* Poppins-MediumItalic.ttf */,
			);
			path = Poppins;
			sourceTree = "<group>";
		};
		0CF742602ADB33AB002B1389 /* CustomViews */ = {
			isa = PBXGroup;
			children = (
				0CF742632ADB3546002B1389 /* UITextFieldCC.swift */,
				0CF742612ADB3474002B1389 /* UIViewCC.swift */,
				0CF742652ADB47B2002B1389 /* UILabelCC.swift */,
			);
			path = CustomViews;
			sourceTree = "<group>";
		};
/* End PBXGroup section */

/* Begin PBXNativeTarget section */
		0CF741F02AD99AC7002B1389 /* TravioProject */ = {
			isa = PBXNativeTarget;
			buildConfigurationList = 0CF742052AD99AC9002B1389 /* Build configuration list for PBXNativeTarget "TravioProject" */;
			buildPhases = (
				0CF741ED2AD99AC7002B1389 /* Sources */,
				0CF741EE2AD99AC7002B1389 /* Frameworks */,
				0CF741EF2AD99AC7002B1389 /* Resources */,
			);
			buildRules = (
			);
			dependencies = (
			);
			name = TravioProject;
			packageProductDependencies = (
				0CF7420B2AD99BCE002B1389 /* SnapKit */,
				0CF7420E2AD99BEB002B1389 /* TinyConstraints */,
				0C04A7732AE92CBD002972CF /* Alamofire */,
			);
			productName = TravioProject;
			productReference = 0CF741F12AD99AC7002B1389 /* TravioProject.app */;
			productType = "com.apple.product-type.application";
		};
/* End PBXNativeTarget section */

/* Begin PBXProject section */
		0CF741E92AD99AC7002B1389 /* Project object */ = {
			isa = PBXProject;
			attributes = {
				BuildIndependentTargetsInParallel = 1;
				LastSwiftUpdateCheck = 1430;
				LastUpgradeCheck = 1430;
				TargetAttributes = {
					0CF741F02AD99AC7002B1389 = {
						CreatedOnToolsVersion = 14.3.1;
					};
				};
			};
			buildConfigurationList = 0CF741EC2AD99AC7002B1389 /* Build configuration list for PBXProject "TravioProject" */;
			compatibilityVersion = "Xcode 14.0";
			developmentRegion = en;
			hasScannedForEncodings = 0;
			knownRegions = (
				en,
				Base,
			);
			mainGroup = 0CF741E82AD99AC7002B1389;
			packageReferences = (
				0CF7420A2AD99BCE002B1389 /* XCRemoteSwiftPackageReference "SnapKit" */,
				0CF7420D2AD99BEB002B1389 /* XCRemoteSwiftPackageReference "TinyConstraints" */,
				0C04A7722AE92CBD002972CF /* XCRemoteSwiftPackageReference "Alamofire" */,
			);
			productRefGroup = 0CF741F22AD99AC7002B1389 /* Products */;
			projectDirPath = "";
			projectRoot = "";
			targets = (
				0CF741F02AD99AC7002B1389 /* TravioProject */,
			);
		};
/* End PBXProject section */

/* Begin PBXResourcesBuildPhase section */
		0CF741EF2AD99AC7002B1389 /* Resources */ = {
			isa = PBXResourcesBuildPhase;
			buildActionMask = 2147483647;
			files = (
				0CF742512ADACB06002B1389 /* Poppins-Light.ttf in Resources */,
				0CF7425B2ADACB06002B1389 /* Poppins-Black.ttf in Resources */,
				0CF742592ADACB06002B1389 /* Poppins-LightItalic.ttf in Resources */,
				0CF7425C2ADACB06002B1389 /* Poppins-Thin.ttf in Resources */,
				0CF7424D2ADACB06002B1389 /* Poppins-ExtraLight.ttf in Resources */,
				0CF7425D2ADACB06002B1389 /* Poppins-SemiBold.ttf in Resources */,
				0CF7425A2ADACB06002B1389 /* Poppins-Bold.ttf in Resources */,
				0CF7424E2ADACB06002B1389 /* Poppins-ThinItalic.ttf in Resources */,
				0CF7424F2ADACB06002B1389 /* Poppins-ExtraLightItalic.ttf in Resources */,
				0CF742562ADACB06002B1389 /* Poppins-BlackItalic.ttf in Resources */,
				0CF742542ADACB06002B1389 /* Poppins-ExtraBoldItalic.ttf in Resources */,
				0CF742502ADACB06002B1389 /* Poppins-BoldItalic.ttf in Resources */,
				0CF742532ADACB06002B1389 /* Poppins-SemiBoldItalic.ttf in Resources */,
				0CF742572ADACB06002B1389 /* OFL.txt in Resources */,
				0CF742582ADACB06002B1389 /* Poppins-Regular.ttf in Resources */,
				0CF742552ADACB06002B1389 /* Poppins-ExtraBold.ttf in Resources */,
				0CF742522ADACB06002B1389 /* Poppins-Medium.ttf in Resources */,
				0CF742012AD99AC9002B1389 /* LaunchScreen.storyboard in Resources */,
				0CF7425E2ADACB06002B1389 /* Poppins-Italic.ttf in Resources */,
				0CF7425F2ADACB06002B1389 /* Poppins-MediumItalic.ttf in Resources */,
				0CF741FE2AD99AC9002B1389 /* Assets.xcassets in Resources */,
			);
			runOnlyForDeploymentPostprocessing = 0;
		};
/* End PBXResourcesBuildPhase section */

/* Begin PBXSourcesBuildPhase section */
		0CF741ED2AD99AC7002B1389 /* Sources */ = {
			isa = PBXSourcesBuildPhase;
			buildActionMask = 2147483647;
			files = (
				0C04A7812AEA4B5D002972CF /* LoginVM.swift in Sources */,
				0C20B7C22ADC322900C71BF7 /* SignUpVC.swift in Sources */,
				0CF742662ADB47B2002B1389 /* UILabelCC.swift in Sources */,
				0CF741F52AD99AC7002B1389 /* AppDelegate.swift in Sources */,
				0C04A7762AE933B1002972CF /* GenericNetworkingHelper.swift in Sources */,
				0CF742622ADB3474002B1389 /* UIViewCC.swift in Sources */,
				0C04A7712AE92CA5002972CF /* Router.swift in Sources */,
				0CF742112AD99FE8002B1389 /* Extentions.swift in Sources */,
				0C04A7852AEA817B002972CF /* LoginSuccessResponse.swift in Sources */,
				0CF742092AD99B64002B1389 /* LoginVC.swift in Sources */,
				0CF741F72AD99AC7002B1389 /* SceneDelegate.swift in Sources */,
				0CF742642ADB3546002B1389 /* UITextFieldCC.swift in Sources */,
				0C04A7782AE938CF002972CF /* User.swift in Sources */,
				0C04A77D2AE94147002972CF /* HomeVC.swift in Sources */,
			);
			runOnlyForDeploymentPostprocessing = 0;
		};
/* End PBXSourcesBuildPhase section */

/* Begin PBXVariantGroup section */
		0CF741FF2AD99AC9002B1389 /* LaunchScreen.storyboard */ = {
			isa = PBXVariantGroup;
			children = (
				0CF742002AD99AC9002B1389 /* Base */,
			);
			name = LaunchScreen.storyboard;
			sourceTree = "<group>";
		};
/* End PBXVariantGroup section */

/* Begin XCBuildConfiguration section */
		0CF742032AD99AC9002B1389 /* Debug */ = {
			isa = XCBuildConfiguration;
			buildSettings = {
				ALWAYS_SEARCH_USER_PATHS = NO;
				CLANG_ANALYZER_NONNULL = YES;
				CLANG_ANALYZER_NUMBER_OBJECT_CONVERSION = YES_AGGRESSIVE;
				CLANG_CXX_LANGUAGE_STANDARD = "gnu++20";
				CLANG_ENABLE_MODULES = YES;
				CLANG_ENABLE_OBJC_ARC = YES;
				CLANG_ENABLE_OBJC_WEAK = YES;
				CLANG_WARN_BLOCK_CAPTURE_AUTORELEASING = YES;
				CLANG_WARN_BOOL_CONVERSION = YES;
				CLANG_WARN_COMMA = YES;
				CLANG_WARN_CONSTANT_CONVERSION = YES;
				CLANG_WARN_DEPRECATED_OBJC_IMPLEMENTATIONS = YES;
				CLANG_WARN_DIRECT_OBJC_ISA_USAGE = YES_ERROR;
				CLANG_WARN_DOCUMENTATION_COMMENTS = YES;
				CLANG_WARN_EMPTY_BODY = YES;
				CLANG_WARN_ENUM_CONVERSION = YES;
				CLANG_WARN_INFINITE_RECURSION = YES;
				CLANG_WARN_INT_CONVERSION = YES;
				CLANG_WARN_NON_LITERAL_NULL_CONVERSION = YES;
				CLANG_WARN_OBJC_IMPLICIT_RETAIN_SELF = YES;
				CLANG_WARN_OBJC_LITERAL_CONVERSION = YES;
				CLANG_WARN_OBJC_ROOT_CLASS = YES_ERROR;
				CLANG_WARN_QUOTED_INCLUDE_IN_FRAMEWORK_HEADER = YES;
				CLANG_WARN_RANGE_LOOP_ANALYSIS = YES;
				CLANG_WARN_STRICT_PROTOTYPES = YES;
				CLANG_WARN_SUSPICIOUS_MOVE = YES;
				CLANG_WARN_UNGUARDED_AVAILABILITY = YES_AGGRESSIVE;
				CLANG_WARN_UNREACHABLE_CODE = YES;
				CLANG_WARN__DUPLICATE_METHOD_MATCH = YES;
				COPY_PHASE_STRIP = NO;
				DEBUG_INFORMATION_FORMAT = dwarf;
				ENABLE_STRICT_OBJC_MSGSEND = YES;
				ENABLE_TESTABILITY = YES;
				GCC_C_LANGUAGE_STANDARD = gnu11;
				GCC_DYNAMIC_NO_PIC = NO;
				GCC_NO_COMMON_BLOCKS = YES;
				GCC_OPTIMIZATION_LEVEL = 0;
				GCC_PREPROCESSOR_DEFINITIONS = (
					"DEBUG=1",
					"$(inherited)",
				);
				GCC_WARN_64_TO_32_BIT_CONVERSION = YES;
				GCC_WARN_ABOUT_RETURN_TYPE = YES_ERROR;
				GCC_WARN_UNDECLARED_SELECTOR = YES;
				GCC_WARN_UNINITIALIZED_AUTOS = YES_AGGRESSIVE;
				GCC_WARN_UNUSED_FUNCTION = YES;
				GCC_WARN_UNUSED_VARIABLE = YES;
				IPHONEOS_DEPLOYMENT_TARGET = 16.4;
				MTL_ENABLE_DEBUG_INFO = INCLUDE_SOURCE;
				MTL_FAST_MATH = YES;
				ONLY_ACTIVE_ARCH = YES;
				SDKROOT = iphoneos;
				SWIFT_ACTIVE_COMPILATION_CONDITIONS = DEBUG;
				SWIFT_OPTIMIZATION_LEVEL = "-Onone";
			};
			name = Debug;
		};
		0CF742042AD99AC9002B1389 /* Release */ = {
			isa = XCBuildConfiguration;
			buildSettings = {
				ALWAYS_SEARCH_USER_PATHS = NO;
				CLANG_ANALYZER_NONNULL = YES;
				CLANG_ANALYZER_NUMBER_OBJECT_CONVERSION = YES_AGGRESSIVE;
				CLANG_CXX_LANGUAGE_STANDARD = "gnu++20";
				CLANG_ENABLE_MODULES = YES;
				CLANG_ENABLE_OBJC_ARC = YES;
				CLANG_ENABLE_OBJC_WEAK = YES;
				CLANG_WARN_BLOCK_CAPTURE_AUTORELEASING = YES;
				CLANG_WARN_BOOL_CONVERSION = YES;
				CLANG_WARN_COMMA = YES;
				CLANG_WARN_CONSTANT_CONVERSION = YES;
				CLANG_WARN_DEPRECATED_OBJC_IMPLEMENTATIONS = YES;
				CLANG_WARN_DIRECT_OBJC_ISA_USAGE = YES_ERROR;
				CLANG_WARN_DOCUMENTATION_COMMENTS = YES;
				CLANG_WARN_EMPTY_BODY = YES;
				CLANG_WARN_ENUM_CONVERSION = YES;
				CLANG_WARN_INFINITE_RECURSION = YES;
				CLANG_WARN_INT_CONVERSION = YES;
				CLANG_WARN_NON_LITERAL_NULL_CONVERSION = YES;
				CLANG_WARN_OBJC_IMPLICIT_RETAIN_SELF = YES;
				CLANG_WARN_OBJC_LITERAL_CONVERSION = YES;
				CLANG_WARN_OBJC_ROOT_CLASS = YES_ERROR;
				CLANG_WARN_QUOTED_INCLUDE_IN_FRAMEWORK_HEADER = YES;
				CLANG_WARN_RANGE_LOOP_ANALYSIS = YES;
				CLANG_WARN_STRICT_PROTOTYPES = YES;
				CLANG_WARN_SUSPICIOUS_MOVE = YES;
				CLANG_WARN_UNGUARDED_AVAILABILITY = YES_AGGRESSIVE;
				CLANG_WARN_UNREACHABLE_CODE = YES;
				CLANG_WARN__DUPLICATE_METHOD_MATCH = YES;
				COPY_PHASE_STRIP = NO;
				DEBUG_INFORMATION_FORMAT = "dwarf-with-dsym";
				ENABLE_NS_ASSERTIONS = NO;
				ENABLE_STRICT_OBJC_MSGSEND = YES;
				GCC_C_LANGUAGE_STANDARD = gnu11;
				GCC_NO_COMMON_BLOCKS = YES;
				GCC_WARN_64_TO_32_BIT_CONVERSION = YES;
				GCC_WARN_ABOUT_RETURN_TYPE = YES_ERROR;
				GCC_WARN_UNDECLARED_SELECTOR = YES;
				GCC_WARN_UNINITIALIZED_AUTOS = YES_AGGRESSIVE;
				GCC_WARN_UNUSED_FUNCTION = YES;
				GCC_WARN_UNUSED_VARIABLE = YES;
				IPHONEOS_DEPLOYMENT_TARGET = 16.4;
				MTL_ENABLE_DEBUG_INFO = NO;
				MTL_FAST_MATH = YES;
				SDKROOT = iphoneos;
				SWIFT_COMPILATION_MODE = wholemodule;
				SWIFT_OPTIMIZATION_LEVEL = "-O";
				VALIDATE_PRODUCT = YES;
			};
			name = Release;
		};
		0CF742062AD99AC9002B1389 /* Debug */ = {
			isa = XCBuildConfiguration;
			buildSettings = {
				ASSETCATALOG_COMPILER_APPICON_NAME = AppIcon;
				ASSETCATALOG_COMPILER_GLOBAL_ACCENT_COLOR_NAME = AccentColor;
				CODE_SIGN_STYLE = Automatic;
				CURRENT_PROJECT_VERSION = 1;
				DEVELOPMENT_TEAM = 8RN557C642;
				GENERATE_INFOPLIST_FILE = YES;
				INFOPLIST_FILE = TravioProject/Info.plist;
				INFOPLIST_KEY_UIApplicationSupportsIndirectInputEvents = YES;
				INFOPLIST_KEY_UILaunchStoryboardName = LaunchScreen;
				INFOPLIST_KEY_UISupportedInterfaceOrientations_iPad = "UIInterfaceOrientationPortrait UIInterfaceOrientationPortraitUpsideDown UIInterfaceOrientationLandscapeLeft UIInterfaceOrientationLandscapeRight";
				INFOPLIST_KEY_UISupportedInterfaceOrientations_iPhone = "UIInterfaceOrientationPortrait UIInterfaceOrientationLandscapeLeft UIInterfaceOrientationLandscapeRight";
				LD_RUNPATH_SEARCH_PATHS = (
					"$(inherited)",
					"@executable_path/Frameworks",
				);
				MARKETING_VERSION = 1.0;
				PRODUCT_BUNDLE_IDENTIFIER = com.burakozer.TravioProject;
				PRODUCT_NAME = "$(TARGET_NAME)";
				SWIFT_EMIT_LOC_STRINGS = YES;
				SWIFT_VERSION = 5.0;
				TARGETED_DEVICE_FAMILY = "1,2";
			};
			name = Debug;
		};
		0CF742072AD99AC9002B1389 /* Release */ = {
			isa = XCBuildConfiguration;
			buildSettings = {
				ASSETCATALOG_COMPILER_APPICON_NAME = AppIcon;
				ASSETCATALOG_COMPILER_GLOBAL_ACCENT_COLOR_NAME = AccentColor;
				CODE_SIGN_STYLE = Automatic;
				CURRENT_PROJECT_VERSION = 1;
				DEVELOPMENT_TEAM = 8RN557C642;
				GENERATE_INFOPLIST_FILE = YES;
				INFOPLIST_FILE = TravioProject/Info.plist;
				INFOPLIST_KEY_UIApplicationSupportsIndirectInputEvents = YES;
				INFOPLIST_KEY_UILaunchStoryboardName = LaunchScreen;
				INFOPLIST_KEY_UISupportedInterfaceOrientations_iPad = "UIInterfaceOrientationPortrait UIInterfaceOrientationPortraitUpsideDown UIInterfaceOrientationLandscapeLeft UIInterfaceOrientationLandscapeRight";
				INFOPLIST_KEY_UISupportedInterfaceOrientations_iPhone = "UIInterfaceOrientationPortrait UIInterfaceOrientationLandscapeLeft UIInterfaceOrientationLandscapeRight";
				LD_RUNPATH_SEARCH_PATHS = (
					"$(inherited)",
					"@executable_path/Frameworks",
				);
				MARKETING_VERSION = 1.0;
				PRODUCT_BUNDLE_IDENTIFIER = com.burakozer.TravioProject;
				PRODUCT_NAME = "$(TARGET_NAME)";
				SWIFT_EMIT_LOC_STRINGS = YES;
				SWIFT_VERSION = 5.0;
				TARGETED_DEVICE_FAMILY = "1,2";
			};
			name = Release;
		};
/* End XCBuildConfiguration section */

/* Begin XCConfigurationList section */
		0CF741EC2AD99AC7002B1389 /* Build configuration list for PBXProject "TravioProject" */ = {
			isa = XCConfigurationList;
			buildConfigurations = (
				0CF742032AD99AC9002B1389 /* Debug */,
				0CF742042AD99AC9002B1389 /* Release */,
			);
			defaultConfigurationIsVisible = 0;
			defaultConfigurationName = Release;
		};
		0CF742052AD99AC9002B1389 /* Build configuration list for PBXNativeTarget "TravioProject" */ = {
			isa = XCConfigurationList;
			buildConfigurations = (
				0CF742062AD99AC9002B1389 /* Debug */,
				0CF742072AD99AC9002B1389 /* Release */,
			);
			defaultConfigurationIsVisible = 0;
			defaultConfigurationName = Release;
		};
/* End XCConfigurationList section */

/* Begin XCRemoteSwiftPackageReference section */
		0C04A7722AE92CBD002972CF /* XCRemoteSwiftPackageReference "Alamofire" */ = {
			isa = XCRemoteSwiftPackageReference;
			repositoryURL = "https://github.com/Alamofire/Alamofire.git";
			requirement = {
				kind = upToNextMajorVersion;
				minimumVersion = 5.8.0;
			};
		};
		0CF7420A2AD99BCE002B1389 /* XCRemoteSwiftPackageReference "SnapKit" */ = {
			isa = XCRemoteSwiftPackageReference;
			repositoryURL = "https://github.com/SnapKit/SnapKit.git";
			requirement = {
				kind = upToNextMajorVersion;
				minimumVersion = 5.0.0;
			};
		};
		0CF7420D2AD99BEB002B1389 /* XCRemoteSwiftPackageReference "TinyConstraints" */ = {
			isa = XCRemoteSwiftPackageReference;
			repositoryURL = "https://github.com/roberthein/TinyConstraints.git";
			requirement = {
				kind = upToNextMajorVersion;
				minimumVersion = 4.0.0;
			};
		};
/* End XCRemoteSwiftPackageReference section */

/* Begin XCSwiftPackageProductDependency section */
		0C04A7732AE92CBD002972CF /* Alamofire */ = {
			isa = XCSwiftPackageProductDependency;
			package = 0C04A7722AE92CBD002972CF /* XCRemoteSwiftPackageReference "Alamofire" */;
			productName = Alamofire;
		};
		0CF7420B2AD99BCE002B1389 /* SnapKit */ = {
			isa = XCSwiftPackageProductDependency;
			package = 0CF7420A2AD99BCE002B1389 /* XCRemoteSwiftPackageReference "SnapKit" */;
			productName = SnapKit;
		};
		0CF7420E2AD99BEB002B1389 /* TinyConstraints */ = {
			isa = XCSwiftPackageProductDependency;
			package = 0CF7420D2AD99BEB002B1389 /* XCRemoteSwiftPackageReference "TinyConstraints" */;
			productName = TinyConstraints;
		};
/* End XCSwiftPackageProductDependency section */
	};
	rootObject = 0CF741E92AD99AC7002B1389 /* Project object */;
}
