// !$*UTF8*$!
{
	archiveVersion = 1;
	classes = {
	};
	objectVersion = 56;
	objects = {

/* Begin PBXBuildFile section */
		0062B3C42AEA4B7A000066E5 /* SignUpVM.swift in Sources */ = {isa = PBXBuildFile; fileRef = 0062B3C32AEA4B7A000066E5 /* SignUpVM.swift */; };
		0081C4932B0CD50500D5A7BA /* TermsOfUse.swift in Sources */ = {isa = PBXBuildFile; fileRef = 0081C4922B0CD50500D5A7BA /* TermsOfUse.swift */; };
		00A47A6A2AFA5528001EDF1D /* EditProfileVM.swift in Sources */ = {isa = PBXBuildFile; fileRef = 00A47A692AFA5528001EDF1D /* EditProfileVM.swift */; };
		00A47A6C2AFA5710001EDF1D /* EditProfileModel.swift in Sources */ = {isa = PBXBuildFile; fileRef = 00A47A6B2AFA5710001EDF1D /* EditProfileModel.swift */; };
		00A47A6F2AFA6657001EDF1D /* HelpAndSupportVC.swift in Sources */ = {isa = PBXBuildFile; fileRef = 00A47A6E2AFA6657001EDF1D /* HelpAndSupportVC.swift */; };
		00A47A732AFA6D46001EDF1D /* HelpAndSupportCell.swift in Sources */ = {isa = PBXBuildFile; fileRef = 00A47A722AFA6D46001EDF1D /* HelpAndSupportCell.swift */; };
		00A47A7F2AFFD257001EDF1D /* IQKeyboardManagerSwift in Frameworks */ = {isa = PBXBuildFile; productRef = 00A47A7E2AFFD257001EDF1D /* IQKeyboardManagerSwift */; };
		00A47A8B2B0401F7001EDF1D /* MyAddedPlacesCell.swift in Sources */ = {isa = PBXBuildFile; fileRef = 00A47A8A2B0401F7001EDF1D /* MyAddedPlacesCell.swift */; };
		00A47A8D2B0403A4001EDF1D /* MyAddedPlacesVM.swift in Sources */ = {isa = PBXBuildFile; fileRef = 00A47A8C2B0403A4001EDF1D /* MyAddedPlacesVM.swift */; };
		00A47A8F2B04E21C001EDF1D /* MyVisitsVM.swift in Sources */ = {isa = PBXBuildFile; fileRef = 00A47A8E2B04E21C001EDF1D /* MyVisitsVM.swift */; };
		00C8106C2AEBB79B0077E800 /* MapVC.swift in Sources */ = {isa = PBXBuildFile; fileRef = 00C8106B2AEBB79B0077E800 /* MapVC.swift */; };
		00C8106E2AEBB7A90077E800 /* SettingsVC.swift in Sources */ = {isa = PBXBuildFile; fileRef = 00C8106D2AEBB7A90077E800 /* SettingsVC.swift */; };
		00C810702AEBB7B70077E800 /* VisitsVC.swift in Sources */ = {isa = PBXBuildFile; fileRef = 00C8106F2AEBB7B70077E800 /* VisitsVC.swift */; };
		00C810722AEBB7DF0077E800 /* MainTabBar.swift in Sources */ = {isa = PBXBuildFile; fileRef = 00C810712AEBB7DF0077E800 /* MainTabBar.swift */; };
		00C810742AEBD5320077E800 /* VisitsCell.swift in Sources */ = {isa = PBXBuildFile; fileRef = 00C810732AEBD5320077E800 /* VisitsCell.swift */; };
		00C810822AF0EB8F0077E800 /* AddNewPlaceVC.swift in Sources */ = {isa = PBXBuildFile; fileRef = 00C810812AF0EB8F0077E800 /* AddNewPlaceVC.swift */; };
		00C810922AF0EDA70077E800 /* TinyConstraints in Frameworks */ = {isa = PBXBuildFile; productRef = 00C810912AF0EDA70077E800 /* TinyConstraints */; };
		00C810952AF0EDAF0077E800 /* Alamofire in Frameworks */ = {isa = PBXBuildFile; productRef = 00C810942AF0EDAF0077E800 /* Alamofire */; };
		00C8109D2AF169F50077E800 /* AddPlaceCollectionCell.swift in Sources */ = {isa = PBXBuildFile; fileRef = 00C8109C2AF169F50077E800 /* AddPlaceCollectionCell.swift */; };
		00C810A02AF223740077E800 /* PopularPlacesVC.swift in Sources */ = {isa = PBXBuildFile; fileRef = 00C8109F2AF223740077E800 /* PopularPlacesVC.swift */; };
		00C810A22AF2243E0077E800 /* PopularPlacesCell.swift in Sources */ = {isa = PBXBuildFile; fileRef = 00C810A12AF2243E0077E800 /* PopularPlacesCell.swift */; };
		00C810A62AF37BEE0077E800 /* PopularPlacesVM.swift in Sources */ = {isa = PBXBuildFile; fileRef = 00C810A52AF37BEE0077E800 /* PopularPlacesVM.swift */; };
		00C810AA2AF391730077E800 /* HomeModel.swift in Sources */ = {isa = PBXBuildFile; fileRef = 00C810A92AF391730077E800 /* HomeModel.swift */; };
		00C810AC2AF3B86F0077E800 /* HomeVM.swift in Sources */ = {isa = PBXBuildFile; fileRef = 00C810AB2AF3B86F0077E800 /* HomeVM.swift */; };
		00C810AF2AF4D0700077E800 /* Kingfisher in Frameworks */ = {isa = PBXBuildFile; productRef = 00C810AE2AF4D0700077E800 /* Kingfisher */; };
		00C810B22AF8CC7C0077E800 /* SnapKit in Frameworks */ = {isa = PBXBuildFile; productRef = 00C810B12AF8CC7C0077E800 /* SnapKit */; };
		00C810C22AF9502A0077E800 /* NewPlacesVC.swift in Sources */ = {isa = PBXBuildFile; fileRef = 00C810C12AF9502A0077E800 /* NewPlacesVC.swift */; };
		00C810C42AF950520077E800 /* MyAddedPlacesVC.swift in Sources */ = {isa = PBXBuildFile; fileRef = 00C810C32AF950520077E800 /* MyAddedPlacesVC.swift */; };
		00C810C62AF95D0C0077E800 /* NewPlacesCell.swift in Sources */ = {isa = PBXBuildFile; fileRef = 00C810C52AF95D0C0077E800 /* NewPlacesCell.swift */; };
		00C810C82AF95D2A0077E800 /* NewPlacesVM.swift in Sources */ = {isa = PBXBuildFile; fileRef = 00C810C72AF95D2A0077E800 /* NewPlacesVM.swift */; };
		00C810CD2AF9904D0077E800 /* EditProfileVC.swift in Sources */ = {isa = PBXBuildFile; fileRef = 00C810CC2AF9904C0077E800 /* EditProfileVC.swift */; };
		0C04A7712AE92CA5002972CF /* Router.swift in Sources */ = {isa = PBXBuildFile; fileRef = 0C04A7702AE92CA5002972CF /* Router.swift */; };
		0C04A7762AE933B1002972CF /* GenericNetworkingHelper.swift in Sources */ = {isa = PBXBuildFile; fileRef = 0C04A7752AE933B1002972CF /* GenericNetworkingHelper.swift */; };
		0C04A77D2AE94147002972CF /* HomeVC.swift in Sources */ = {isa = PBXBuildFile; fileRef = 0C04A77C2AE94147002972CF /* HomeVC.swift */; };
		0C04A7812AEA4B5D002972CF /* LoginVM.swift in Sources */ = {isa = PBXBuildFile; fileRef = 0C04A7802AEA4B5D002972CF /* LoginVM.swift */; };
		0C04A7852AEA817B002972CF /* LoginSuccessResponse.swift in Sources */ = {isa = PBXBuildFile; fileRef = 0C04A7842AEA817B002972CF /* LoginSuccessResponse.swift */; };
		0C04A7872AEA9FEE002972CF /* HomeTableCell.swift in Sources */ = {isa = PBXBuildFile; fileRef = 0C04A7862AEA9FEE002972CF /* HomeTableCell.swift */; };
		0C04A78B2AEAB8EA002972CF /* HomeCollectionCell.swift in Sources */ = {isa = PBXBuildFile; fileRef = 0C04A78A2AEAB8EA002972CF /* HomeCollectionCell.swift */; };
		0C20B7C22ADC322900C71BF7 /* SignUpVC.swift in Sources */ = {isa = PBXBuildFile; fileRef = 0C20B7C12ADC322900C71BF7 /* SignUpVC.swift */; };
		0C2ECED62AF0D6AA0013F6C5 /* KeychainHelper.swift in Sources */ = {isa = PBXBuildFile; fileRef = 0C2ECED52AF0D6AA0013F6C5 /* KeychainHelper.swift */; };
		0C2ECEE32AF1231B0013F6C5 /* CustomAnnotation.swift in Sources */ = {isa = PBXBuildFile; fileRef = 0C2ECEE22AF1231B0013F6C5 /* CustomAnnotation.swift */; };
		0C2ECEE72AF1239C0013F6C5 /* MapImageCollectionCell.swift in Sources */ = {isa = PBXBuildFile; fileRef = 0C2ECEE62AF1239C0013F6C5 /* MapImageCollectionCell.swift */; };
		0C32DE812B0A7B7A00D873C8 /* UIViewCC.swift in Sources */ = {isa = PBXBuildFile; fileRef = 0C32DE802B0A7B7A00D873C8 /* UIViewCC.swift */; };
		0C499D0D2AF6DD5F00A7C916 /* ApiErrorStatus.swift in Sources */ = {isa = PBXBuildFile; fileRef = 0C499D0C2AF6DD5F00A7C916 /* ApiErrorStatus.swift */; };
		0C499D0F2AF6E9A400A7C916 /* PlaceDetailCellInfo.swift in Sources */ = {isa = PBXBuildFile; fileRef = 0C499D0E2AF6E9A400A7C916 /* PlaceDetailCellInfo.swift */; };
		0C499D152AF917BE00A7C916 /* SettingCollectionCell.swift in Sources */ = {isa = PBXBuildFile; fileRef = 0C499D142AF917BE00A7C916 /* SettingCollectionCell.swift */; };
		0C499D182AF9481500A7C916 /* SecuritySettingsVC.swift in Sources */ = {isa = PBXBuildFile; fileRef = 0C499D172AF9481500A7C916 /* SecuritySettingsVC.swift */; };
		0C499D1A2AF97E4700A7C916 /* AddNewPlaceVM.swift in Sources */ = {isa = PBXBuildFile; fileRef = 0C499D192AF97E4700A7C916 /* AddNewPlaceVM.swift */; };
		0C499D222AFA631600A7C916 /* UploadResponse.swift in Sources */ = {isa = PBXBuildFile; fileRef = 0C499D212AFA631600A7C916 /* UploadResponse.swift */; };
		0C563C4A2AFCF6E800A0F5F0 /* SettingsVM.swift in Sources */ = {isa = PBXBuildFile; fileRef = 0C563C492AFCF6E800A0F5F0 /* SettingsVM.swift */; };
		0C563C4C2AFCF84600A0F5F0 /* UserProfileResponse.swift in Sources */ = {isa = PBXBuildFile; fileRef = 0C563C4B2AFCF84600A0F5F0 /* UserProfileResponse.swift */; };
		0C563C502AFE1C4A00A0F5F0 /* SecuritySettingsVM.swift in Sources */ = {isa = PBXBuildFile; fileRef = 0C563C4F2AFE1C4A00A0F5F0 /* SecuritySettingsVM.swift */; };
		0C988EB02AF14EB80090E85A /* MapVM.swift in Sources */ = {isa = PBXBuildFile; fileRef = 0C988EAF2AF14EB80090E85A /* MapVM.swift */; };
		0C988EB42AF15F140090E85A /* Place.swift in Sources */ = {isa = PBXBuildFile; fileRef = 0C988EB32AF15F140090E85A /* Place.swift */; };
		0C988ECE2AF2C0EC0090E85A /* CompositionalLayoutCell.swift in Sources */ = {isa = PBXBuildFile; fileRef = 0C988ECD2AF2C0EC0090E85A /* CompositionalLayoutCell.swift */; };
		0C988ED02AF2C11C0090E85A /* PlaceDetailLayout.swift in Sources */ = {isa = PBXBuildFile; fileRef = 0C988ECF2AF2C11C0090E85A /* PlaceDetailLayout.swift */; };
		0C988ED22AF2C1460090E85A /* PlaceDetailVC.swift in Sources */ = {isa = PBXBuildFile; fileRef = 0C988ED12AF2C1460090E85A /* PlaceDetailVC.swift */; };
		0C988ED42AF2C15A0090E85A /* PlaceDetailCollectionCell.swift in Sources */ = {isa = PBXBuildFile; fileRef = 0C988ED32AF2C15A0090E85A /* PlaceDetailCollectionCell.swift */; };
		0C988ED62AF37EAC0090E85A /* Visit.swift in Sources */ = {isa = PBXBuildFile; fileRef = 0C988ED52AF37EAC0090E85A /* Visit.swift */; };
		0C988EE22AF51EAD0090E85A /* PlaceDetailVM.swift in Sources */ = {isa = PBXBuildFile; fileRef = 0C988EE12AF51EAD0090E85A /* PlaceDetailVM.swift */; };
		0C988EE42AF527F80090E85A /* PlaceDetail.swift in Sources */ = {isa = PBXBuildFile; fileRef = 0C988EE32AF527F80090E85A /* PlaceDetail.swift */; };
		0C988EE62AF679B30090E85A /* SuccessResponse.swift in Sources */ = {isa = PBXBuildFile; fileRef = 0C988EE52AF679B30090E85A /* SuccessResponse.swift */; };
		0CD1F37E2B0400B3002B4486 /* AboutUsVC.swift in Sources */ = {isa = PBXBuildFile; fileRef = 0CD1F37D2B0400B3002B4486 /* AboutUsVC.swift */; };
		0CD1F3802B040891002B4486 /* UICustomViewController.swift in Sources */ = {isa = PBXBuildFile; fileRef = 0CD1F37F2B040891002B4486 /* UICustomViewController.swift */; };
		0CF741F52AD99AC7002B1389 /* AppDelegate.swift in Sources */ = {isa = PBXBuildFile; fileRef = 0CF741F42AD99AC7002B1389 /* AppDelegate.swift */; };
		0CF741F72AD99AC7002B1389 /* SceneDelegate.swift in Sources */ = {isa = PBXBuildFile; fileRef = 0CF741F62AD99AC7002B1389 /* SceneDelegate.swift */; };
		0CF741FE2AD99AC9002B1389 /* Assets.xcassets in Resources */ = {isa = PBXBuildFile; fileRef = 0CF741FD2AD99AC9002B1389 /* Assets.xcassets */; };
		0CF742012AD99AC9002B1389 /* LaunchScreen.storyboard in Resources */ = {isa = PBXBuildFile; fileRef = 0CF741FF2AD99AC9002B1389 /* LaunchScreen.storyboard */; };
		0CF742092AD99B64002B1389 /* LoginVC.swift in Sources */ = {isa = PBXBuildFile; fileRef = 0CF742082AD99B64002B1389 /* LoginVC.swift */; };
		0CF742112AD99FE8002B1389 /* Extentions.swift in Sources */ = {isa = PBXBuildFile; fileRef = 0CF742102AD99FE8002B1389 /* Extentions.swift */; };
		0CF7424D2ADACB06002B1389 /* Poppins-ExtraLight.ttf in Resources */ = {isa = PBXBuildFile; fileRef = 0CF7423A2ADACB06002B1389 /* Poppins-ExtraLight.ttf */; };
		0CF7424E2ADACB06002B1389 /* Poppins-ThinItalic.ttf in Resources */ = {isa = PBXBuildFile; fileRef = 0CF7423B2ADACB06002B1389 /* Poppins-ThinItalic.ttf */; };
		0CF7424F2ADACB06002B1389 /* Poppins-ExtraLightItalic.ttf in Resources */ = {isa = PBXBuildFile; fileRef = 0CF7423C2ADACB06002B1389 /* Poppins-ExtraLightItalic.ttf */; };
		0CF742502ADACB06002B1389 /* Poppins-BoldItalic.ttf in Resources */ = {isa = PBXBuildFile; fileRef = 0CF7423D2ADACB06002B1389 /* Poppins-BoldItalic.ttf */; };
		0CF742512ADACB06002B1389 /* Poppins-Light.ttf in Resources */ = {isa = PBXBuildFile; fileRef = 0CF7423E2ADACB06002B1389 /* Poppins-Light.ttf */; };
		0CF742522ADACB06002B1389 /* Poppins-Medium.ttf in Resources */ = {isa = PBXBuildFile; fileRef = 0CF7423F2ADACB06002B1389 /* Poppins-Medium.ttf */; };
		0CF742532ADACB06002B1389 /* Poppins-SemiBoldItalic.ttf in Resources */ = {isa = PBXBuildFile; fileRef = 0CF742402ADACB06002B1389 /* Poppins-SemiBoldItalic.ttf */; };
		0CF742542ADACB06002B1389 /* Poppins-ExtraBoldItalic.ttf in Resources */ = {isa = PBXBuildFile; fileRef = 0CF742412ADACB06002B1389 /* Poppins-ExtraBoldItalic.ttf */; };
		0CF742552ADACB06002B1389 /* Poppins-ExtraBold.ttf in Resources */ = {isa = PBXBuildFile; fileRef = 0CF742422ADACB06002B1389 /* Poppins-ExtraBold.ttf */; };
		0CF742562ADACB06002B1389 /* Poppins-BlackItalic.ttf in Resources */ = {isa = PBXBuildFile; fileRef = 0CF742432ADACB06002B1389 /* Poppins-BlackItalic.ttf */; };
		0CF742572ADACB06002B1389 /* OFL.txt in Resources */ = {isa = PBXBuildFile; fileRef = 0CF742442ADACB06002B1389 /* OFL.txt */; };
		0CF742582ADACB06002B1389 /* Poppins-Regular.ttf in Resources */ = {isa = PBXBuildFile; fileRef = 0CF742452ADACB06002B1389 /* Poppins-Regular.ttf */; };
		0CF742592ADACB06002B1389 /* Poppins-LightItalic.ttf in Resources */ = {isa = PBXBuildFile; fileRef = 0CF742462ADACB06002B1389 /* Poppins-LightItalic.ttf */; };
		0CF7425A2ADACB06002B1389 /* Poppins-Bold.ttf in Resources */ = {isa = PBXBuildFile; fileRef = 0CF742472ADACB06002B1389 /* Poppins-Bold.ttf */; };
		0CF7425B2ADACB06002B1389 /* Poppins-Black.ttf in Resources */ = {isa = PBXBuildFile; fileRef = 0CF742482ADACB06002B1389 /* Poppins-Black.ttf */; };
		0CF7425C2ADACB06002B1389 /* Poppins-Thin.ttf in Resources */ = {isa = PBXBuildFile; fileRef = 0CF742492ADACB06002B1389 /* Poppins-Thin.ttf */; };
		0CF7425D2ADACB06002B1389 /* Poppins-SemiBold.ttf in Resources */ = {isa = PBXBuildFile; fileRef = 0CF7424A2ADACB06002B1389 /* Poppins-SemiBold.ttf */; };
		0CF7425E2ADACB06002B1389 /* Poppins-Italic.ttf in Resources */ = {isa = PBXBuildFile; fileRef = 0CF7424B2ADACB06002B1389 /* Poppins-Italic.ttf */; };
		0CF7425F2ADACB06002B1389 /* Poppins-MediumItalic.ttf in Resources */ = {isa = PBXBuildFile; fileRef = 0CF7424C2ADACB06002B1389 /* Poppins-MediumItalic.ttf */; };
		0CF742642ADB3546002B1389 /* UITextFieldCC.swift in Sources */ = {isa = PBXBuildFile; fileRef = 0CF742632ADB3546002B1389 /* UITextFieldCC.swift */; };
		0CF742662ADB47B2002B1389 /* UILabelCC.swift in Sources */ = {isa = PBXBuildFile; fileRef = 0CF742652ADB47B2002B1389 /* UILabelCC.swift */; };
/* End PBXBuildFile section */

/* Begin PBXFileReference section */
		0062B3C32AEA4B7A000066E5 /* SignUpVM.swift */ = {isa = PBXFileReference; lastKnownFileType = sourcecode.swift; path = SignUpVM.swift; sourceTree = "<group>"; };
		0081C4922B0CD50500D5A7BA /* TermsOfUse.swift */ = {isa = PBXFileReference; lastKnownFileType = sourcecode.swift; path = TermsOfUse.swift; sourceTree = "<group>"; };
		00A47A692AFA5528001EDF1D /* EditProfileVM.swift */ = {isa = PBXFileReference; lastKnownFileType = sourcecode.swift; path = EditProfileVM.swift; sourceTree = "<group>"; };
		00A47A6B2AFA5710001EDF1D /* EditProfileModel.swift */ = {isa = PBXFileReference; lastKnownFileType = sourcecode.swift; path = EditProfileModel.swift; sourceTree = "<group>"; };
		00A47A6E2AFA6657001EDF1D /* HelpAndSupportVC.swift */ = {isa = PBXFileReference; lastKnownFileType = sourcecode.swift; path = HelpAndSupportVC.swift; sourceTree = "<group>"; };
		00A47A722AFA6D46001EDF1D /* HelpAndSupportCell.swift */ = {isa = PBXFileReference; lastKnownFileType = sourcecode.swift; path = HelpAndSupportCell.swift; sourceTree = "<group>"; };
		00A47A8A2B0401F7001EDF1D /* MyAddedPlacesCell.swift */ = {isa = PBXFileReference; lastKnownFileType = sourcecode.swift; path = MyAddedPlacesCell.swift; sourceTree = "<group>"; };
		00A47A8C2B0403A4001EDF1D /* MyAddedPlacesVM.swift */ = {isa = PBXFileReference; lastKnownFileType = sourcecode.swift; path = MyAddedPlacesVM.swift; sourceTree = "<group>"; };
		00A47A8E2B04E21C001EDF1D /* MyVisitsVM.swift */ = {isa = PBXFileReference; lastKnownFileType = sourcecode.swift; path = MyVisitsVM.swift; sourceTree = "<group>"; };
		00C8106B2AEBB79B0077E800 /* MapVC.swift */ = {isa = PBXFileReference; lastKnownFileType = sourcecode.swift; path = MapVC.swift; sourceTree = "<group>"; };
		00C8106D2AEBB7A90077E800 /* SettingsVC.swift */ = {isa = PBXFileReference; lastKnownFileType = sourcecode.swift; path = SettingsVC.swift; sourceTree = "<group>"; };
		00C8106F2AEBB7B70077E800 /* VisitsVC.swift */ = {isa = PBXFileReference; lastKnownFileType = sourcecode.swift; path = VisitsVC.swift; sourceTree = "<group>"; };
		00C810712AEBB7DF0077E800 /* MainTabBar.swift */ = {isa = PBXFileReference; lastKnownFileType = sourcecode.swift; path = MainTabBar.swift; sourceTree = "<group>"; };
		00C810732AEBD5320077E800 /* VisitsCell.swift */ = {isa = PBXFileReference; lastKnownFileType = sourcecode.swift; path = VisitsCell.swift; sourceTree = "<group>"; };
		00C810812AF0EB8F0077E800 /* AddNewPlaceVC.swift */ = {isa = PBXFileReference; lastKnownFileType = sourcecode.swift; path = AddNewPlaceVC.swift; sourceTree = "<group>"; };
		00C8109C2AF169F50077E800 /* AddPlaceCollectionCell.swift */ = {isa = PBXFileReference; lastKnownFileType = sourcecode.swift; path = AddPlaceCollectionCell.swift; sourceTree = "<group>"; };
		00C8109F2AF223740077E800 /* PopularPlacesVC.swift */ = {isa = PBXFileReference; lastKnownFileType = sourcecode.swift; path = PopularPlacesVC.swift; sourceTree = "<group>"; };
		00C810A12AF2243E0077E800 /* PopularPlacesCell.swift */ = {isa = PBXFileReference; lastKnownFileType = sourcecode.swift; path = PopularPlacesCell.swift; sourceTree = "<group>"; };
		00C810A52AF37BEE0077E800 /* PopularPlacesVM.swift */ = {isa = PBXFileReference; lastKnownFileType = sourcecode.swift; path = PopularPlacesVM.swift; sourceTree = "<group>"; };
		00C810A92AF391730077E800 /* HomeModel.swift */ = {isa = PBXFileReference; lastKnownFileType = sourcecode.swift; path = HomeModel.swift; sourceTree = "<group>"; };
		00C810AB2AF3B86F0077E800 /* HomeVM.swift */ = {isa = PBXFileReference; lastKnownFileType = sourcecode.swift; path = HomeVM.swift; sourceTree = "<group>"; };
		00C810C12AF9502A0077E800 /* NewPlacesVC.swift */ = {isa = PBXFileReference; lastKnownFileType = sourcecode.swift; path = NewPlacesVC.swift; sourceTree = "<group>"; };
		00C810C32AF950520077E800 /* MyAddedPlacesVC.swift */ = {isa = PBXFileReference; lastKnownFileType = sourcecode.swift; path = MyAddedPlacesVC.swift; sourceTree = "<group>"; };
		00C810C52AF95D0C0077E800 /* NewPlacesCell.swift */ = {isa = PBXFileReference; lastKnownFileType = sourcecode.swift; path = NewPlacesCell.swift; sourceTree = "<group>"; };
		00C810C72AF95D2A0077E800 /* NewPlacesVM.swift */ = {isa = PBXFileReference; lastKnownFileType = sourcecode.swift; path = NewPlacesVM.swift; sourceTree = "<group>"; };
		00C810CC2AF9904C0077E800 /* EditProfileVC.swift */ = {isa = PBXFileReference; lastKnownFileType = sourcecode.swift; path = EditProfileVC.swift; sourceTree = "<group>"; };
		0C04A7702AE92CA5002972CF /* Router.swift */ = {isa = PBXFileReference; lastKnownFileType = sourcecode.swift; path = Router.swift; sourceTree = "<group>"; };
		0C04A7752AE933B1002972CF /* GenericNetworkingHelper.swift */ = {isa = PBXFileReference; lastKnownFileType = sourcecode.swift; path = GenericNetworkingHelper.swift; sourceTree = "<group>"; };
		0C04A77C2AE94147002972CF /* HomeVC.swift */ = {isa = PBXFileReference; lastKnownFileType = sourcecode.swift; path = HomeVC.swift; sourceTree = "<group>"; };
		0C04A7802AEA4B5D002972CF /* LoginVM.swift */ = {isa = PBXFileReference; lastKnownFileType = sourcecode.swift; path = LoginVM.swift; sourceTree = "<group>"; };
		0C04A7842AEA817B002972CF /* LoginSuccessResponse.swift */ = {isa = PBXFileReference; lastKnownFileType = sourcecode.swift; path = LoginSuccessResponse.swift; sourceTree = "<group>"; };
		0C04A7862AEA9FEE002972CF /* HomeTableCell.swift */ = {isa = PBXFileReference; lastKnownFileType = sourcecode.swift; path = HomeTableCell.swift; sourceTree = "<group>"; };
		0C04A78A2AEAB8EA002972CF /* HomeCollectionCell.swift */ = {isa = PBXFileReference; lastKnownFileType = sourcecode.swift; path = HomeCollectionCell.swift; sourceTree = "<group>"; };
		0C20B7C12ADC322900C71BF7 /* SignUpVC.swift */ = {isa = PBXFileReference; lastKnownFileType = sourcecode.swift; path = SignUpVC.swift; sourceTree = "<group>"; };
		0C2ECED52AF0D6AA0013F6C5 /* KeychainHelper.swift */ = {isa = PBXFileReference; lastKnownFileType = sourcecode.swift; path = KeychainHelper.swift; sourceTree = "<group>"; };
		0C2ECEE22AF1231B0013F6C5 /* CustomAnnotation.swift */ = {isa = PBXFileReference; lastKnownFileType = sourcecode.swift; path = CustomAnnotation.swift; sourceTree = "<group>"; };
		0C2ECEE62AF1239C0013F6C5 /* MapImageCollectionCell.swift */ = {isa = PBXFileReference; lastKnownFileType = sourcecode.swift; path = MapImageCollectionCell.swift; sourceTree = "<group>"; };
		0C32DE802B0A7B7A00D873C8 /* UIViewCC.swift */ = {isa = PBXFileReference; lastKnownFileType = sourcecode.swift; path = UIViewCC.swift; sourceTree = "<group>"; };
		0C499D0C2AF6DD5F00A7C916 /* ApiErrorStatus.swift */ = {isa = PBXFileReference; lastKnownFileType = sourcecode.swift; path = ApiErrorStatus.swift; sourceTree = "<group>"; };
		0C499D0E2AF6E9A400A7C916 /* PlaceDetailCellInfo.swift */ = {isa = PBXFileReference; lastKnownFileType = sourcecode.swift; path = PlaceDetailCellInfo.swift; sourceTree = "<group>"; };
		0C499D142AF917BE00A7C916 /* SettingCollectionCell.swift */ = {isa = PBXFileReference; fileEncoding = 4; lastKnownFileType = sourcecode.swift; path = SettingCollectionCell.swift; sourceTree = "<group>"; };
		0C499D172AF9481500A7C916 /* SecuritySettingsVC.swift */ = {isa = PBXFileReference; lastKnownFileType = sourcecode.swift; path = SecuritySettingsVC.swift; sourceTree = "<group>"; };
		0C499D192AF97E4700A7C916 /* AddNewPlaceVM.swift */ = {isa = PBXFileReference; lastKnownFileType = sourcecode.swift; path = AddNewPlaceVM.swift; sourceTree = "<group>"; };
		0C499D212AFA631600A7C916 /* UploadResponse.swift */ = {isa = PBXFileReference; lastKnownFileType = sourcecode.swift; path = UploadResponse.swift; sourceTree = "<group>"; };
		0C563C492AFCF6E800A0F5F0 /* SettingsVM.swift */ = {isa = PBXFileReference; lastKnownFileType = sourcecode.swift; path = SettingsVM.swift; sourceTree = "<group>"; };
		0C563C4B2AFCF84600A0F5F0 /* UserProfileResponse.swift */ = {isa = PBXFileReference; lastKnownFileType = sourcecode.swift; path = UserProfileResponse.swift; sourceTree = "<group>"; };
		0C563C4F2AFE1C4A00A0F5F0 /* SecuritySettingsVM.swift */ = {isa = PBXFileReference; lastKnownFileType = sourcecode.swift; path = SecuritySettingsVM.swift; sourceTree = "<group>"; };
		0C988EAF2AF14EB80090E85A /* MapVM.swift */ = {isa = PBXFileReference; lastKnownFileType = sourcecode.swift; path = MapVM.swift; sourceTree = "<group>"; };
		0C988EB32AF15F140090E85A /* Place.swift */ = {isa = PBXFileReference; lastKnownFileType = sourcecode.swift; path = Place.swift; sourceTree = "<group>"; };
		0C988ECD2AF2C0EC0090E85A /* CompositionalLayoutCell.swift */ = {isa = PBXFileReference; fileEncoding = 4; lastKnownFileType = sourcecode.swift; path = CompositionalLayoutCell.swift; sourceTree = "<group>"; };
		0C988ECF2AF2C11C0090E85A /* PlaceDetailLayout.swift */ = {isa = PBXFileReference; fileEncoding = 4; lastKnownFileType = sourcecode.swift; path = PlaceDetailLayout.swift; sourceTree = "<group>"; };
		0C988ED12AF2C1460090E85A /* PlaceDetailVC.swift */ = {isa = PBXFileReference; fileEncoding = 4; lastKnownFileType = sourcecode.swift; path = PlaceDetailVC.swift; sourceTree = "<group>"; };
		0C988ED32AF2C15A0090E85A /* PlaceDetailCollectionCell.swift */ = {isa = PBXFileReference; fileEncoding = 4; lastKnownFileType = sourcecode.swift; path = PlaceDetailCollectionCell.swift; sourceTree = "<group>"; };
		0C988ED52AF37EAC0090E85A /* Visit.swift */ = {isa = PBXFileReference; lastKnownFileType = sourcecode.swift; path = Visit.swift; sourceTree = "<group>"; };
		0C988EE12AF51EAD0090E85A /* PlaceDetailVM.swift */ = {isa = PBXFileReference; lastKnownFileType = sourcecode.swift; path = PlaceDetailVM.swift; sourceTree = "<group>"; };
		0C988EE32AF527F80090E85A /* PlaceDetail.swift */ = {isa = PBXFileReference; lastKnownFileType = sourcecode.swift; path = PlaceDetail.swift; sourceTree = "<group>"; };
		0C988EE52AF679B30090E85A /* SuccessResponse.swift */ = {isa = PBXFileReference; lastKnownFileType = sourcecode.swift; path = SuccessResponse.swift; sourceTree = "<group>"; };
		0CD1F37D2B0400B3002B4486 /* AboutUsVC.swift */ = {isa = PBXFileReference; lastKnownFileType = sourcecode.swift; path = AboutUsVC.swift; sourceTree = "<group>"; };
		0CD1F37F2B040891002B4486 /* UICustomViewController.swift */ = {isa = PBXFileReference; lastKnownFileType = sourcecode.swift; path = UICustomViewController.swift; sourceTree = "<group>"; };
		0CF741F12AD99AC7002B1389 /* TravioProject.app */ = {isa = PBXFileReference; explicitFileType = wrapper.application; includeInIndex = 0; path = TravioProject.app; sourceTree = BUILT_PRODUCTS_DIR; };
		0CF741F42AD99AC7002B1389 /* AppDelegate.swift */ = {isa = PBXFileReference; lastKnownFileType = sourcecode.swift; path = AppDelegate.swift; sourceTree = "<group>"; };
		0CF741F62AD99AC7002B1389 /* SceneDelegate.swift */ = {isa = PBXFileReference; lastKnownFileType = sourcecode.swift; path = SceneDelegate.swift; sourceTree = "<group>"; };
		0CF741FD2AD99AC9002B1389 /* Assets.xcassets */ = {isa = PBXFileReference; lastKnownFileType = folder.assetcatalog; path = Assets.xcassets; sourceTree = "<group>"; };
		0CF742002AD99AC9002B1389 /* Base */ = {isa = PBXFileReference; lastKnownFileType = file.storyboard; name = Base; path = Base.lproj/LaunchScreen.storyboard; sourceTree = "<group>"; };
		0CF742022AD99AC9002B1389 /* Info.plist */ = {isa = PBXFileReference; lastKnownFileType = text.plist.xml; path = Info.plist; sourceTree = "<group>"; };
		0CF742082AD99B64002B1389 /* LoginVC.swift */ = {isa = PBXFileReference; lastKnownFileType = sourcecode.swift; path = LoginVC.swift; sourceTree = "<group>"; };
		0CF742102AD99FE8002B1389 /* Extentions.swift */ = {isa = PBXFileReference; lastKnownFileType = sourcecode.swift; path = Extentions.swift; sourceTree = "<group>"; };
		0CF7423A2ADACB06002B1389 /* Poppins-ExtraLight.ttf */ = {isa = PBXFileReference; lastKnownFileType = file; path = "Poppins-ExtraLight.ttf"; sourceTree = "<group>"; };
		0CF7423B2ADACB06002B1389 /* Poppins-ThinItalic.ttf */ = {isa = PBXFileReference; lastKnownFileType = file; path = "Poppins-ThinItalic.ttf"; sourceTree = "<group>"; };
		0CF7423C2ADACB06002B1389 /* Poppins-ExtraLightItalic.ttf */ = {isa = PBXFileReference; lastKnownFileType = file; path = "Poppins-ExtraLightItalic.ttf"; sourceTree = "<group>"; };
		0CF7423D2ADACB06002B1389 /* Poppins-BoldItalic.ttf */ = {isa = PBXFileReference; lastKnownFileType = file; path = "Poppins-BoldItalic.ttf"; sourceTree = "<group>"; };
		0CF7423E2ADACB06002B1389 /* Poppins-Light.ttf */ = {isa = PBXFileReference; lastKnownFileType = file; path = "Poppins-Light.ttf"; sourceTree = "<group>"; };
		0CF7423F2ADACB06002B1389 /* Poppins-Medium.ttf */ = {isa = PBXFileReference; lastKnownFileType = file; path = "Poppins-Medium.ttf"; sourceTree = "<group>"; };
		0CF742402ADACB06002B1389 /* Poppins-SemiBoldItalic.ttf */ = {isa = PBXFileReference; lastKnownFileType = file; path = "Poppins-SemiBoldItalic.ttf"; sourceTree = "<group>"; };
		0CF742412ADACB06002B1389 /* Poppins-ExtraBoldItalic.ttf */ = {isa = PBXFileReference; lastKnownFileType = file; path = "Poppins-ExtraBoldItalic.ttf"; sourceTree = "<group>"; };
		0CF742422ADACB06002B1389 /* Poppins-ExtraBold.ttf */ = {isa = PBXFileReference; lastKnownFileType = file; path = "Poppins-ExtraBold.ttf"; sourceTree = "<group>"; };
		0CF742432ADACB06002B1389 /* Poppins-BlackItalic.ttf */ = {isa = PBXFileReference; lastKnownFileType = file; path = "Poppins-BlackItalic.ttf"; sourceTree = "<group>"; };
		0CF742442ADACB06002B1389 /* OFL.txt */ = {isa = PBXFileReference; fileEncoding = 4; lastKnownFileType = text; path = OFL.txt; sourceTree = "<group>"; };
		0CF742452ADACB06002B1389 /* Poppins-Regular.ttf */ = {isa = PBXFileReference; lastKnownFileType = file; path = "Poppins-Regular.ttf"; sourceTree = "<group>"; };
		0CF742462ADACB06002B1389 /* Poppins-LightItalic.ttf */ = {isa = PBXFileReference; lastKnownFileType = file; path = "Poppins-LightItalic.ttf"; sourceTree = "<group>"; };
		0CF742472ADACB06002B1389 /* Poppins-Bold.ttf */ = {isa = PBXFileReference; lastKnownFileType = file; path = "Poppins-Bold.ttf"; sourceTree = "<group>"; };
		0CF742482ADACB06002B1389 /* Poppins-Black.ttf */ = {isa = PBXFileReference; lastKnownFileType = file; path = "Poppins-Black.ttf"; sourceTree = "<group>"; };
		0CF742492ADACB06002B1389 /* Poppins-Thin.ttf */ = {isa = PBXFileReference; lastKnownFileType = file; path = "Poppins-Thin.ttf"; sourceTree = "<group>"; };
		0CF7424A2ADACB06002B1389 /* Poppins-SemiBold.ttf */ = {isa = PBXFileReference; lastKnownFileType = file; path = "Poppins-SemiBold.ttf"; sourceTree = "<group>"; };
		0CF7424B2ADACB06002B1389 /* Poppins-Italic.ttf */ = {isa = PBXFileReference; lastKnownFileType = file; path = "Poppins-Italic.ttf"; sourceTree = "<group>"; };
		0CF7424C2ADACB06002B1389 /* Poppins-MediumItalic.ttf */ = {isa = PBXFileReference; lastKnownFileType = file; path = "Poppins-MediumItalic.ttf"; sourceTree = "<group>"; };
		0CF742632ADB3546002B1389 /* UITextFieldCC.swift */ = {isa = PBXFileReference; lastKnownFileType = sourcecode.swift; path = UITextFieldCC.swift; sourceTree = "<group>"; };
		0CF742652ADB47B2002B1389 /* UILabelCC.swift */ = {isa = PBXFileReference; lastKnownFileType = sourcecode.swift; path = UILabelCC.swift; sourceTree = "<group>"; };
/* End PBXFileReference section */

/* Begin PBXFrameworksBuildPhase section */
		0CF741EE2AD99AC7002B1389 /* Frameworks */ = {
			isa = PBXFrameworksBuildPhase;
			buildActionMask = 2147483647;
			files = (
				00A47A7F2AFFD257001EDF1D /* IQKeyboardManagerSwift in Frameworks */,
				00C810AF2AF4D0700077E800 /* Kingfisher in Frameworks */,
				00C810952AF0EDAF0077E800 /* Alamofire in Frameworks */,
				00C810922AF0EDA70077E800 /* TinyConstraints in Frameworks */,
				00C810B22AF8CC7C0077E800 /* SnapKit in Frameworks */,
			);
			runOnlyForDeploymentPostprocessing = 0;
		};
/* End PBXFrameworksBuildPhase section */

/* Begin PBXGroup section */
		0062B3C02AE91055000066E5 /* Utils */ = {
			isa = PBXGroup;
			children = (
				0CF742392ADACB06002B1389 /* Poppins */,
				0CF742102AD99FE8002B1389 /* Extentions.swift */,
				0C04A7702AE92CA5002972CF /* Router.swift */,
				0C04A7752AE933B1002972CF /* GenericNetworkingHelper.swift */,
				0C2ECED52AF0D6AA0013F6C5 /* KeychainHelper.swift */,
			);
			path = Utils;
			sourceTree = "<group>";
		};
		0062B3C12AE910B0000066E5 /* LoginPage */ = {
			isa = PBXGroup;
			children = (
				0CF742082AD99B64002B1389 /* LoginVC.swift */,
				0C04A7802AEA4B5D002972CF /* LoginVM.swift */,
				0C04A7842AEA817B002972CF /* LoginSuccessResponse.swift */,
			);
			path = LoginPage;
			sourceTree = "<group>";
		};
		0062B3C22AE910E5000066E5 /* SignUpPage */ = {
			isa = PBXGroup;
			children = (
				0C20B7C12ADC322900C71BF7 /* SignUpVC.swift */,
				0062B3C32AEA4B7A000066E5 /* SignUpVM.swift */,
			);
			path = SignUpPage;
			sourceTree = "<group>";
		};
		00A47A6D2AFA63E0001EDF1D /* Help&SupportPage */ = {
			isa = PBXGroup;
			children = (
				00A47A6E2AFA6657001EDF1D /* HelpAndSupportVC.swift */,
				00A47A722AFA6D46001EDF1D /* HelpAndSupportCell.swift */,
			);
			path = "Help&SupportPage";
			sourceTree = "<group>";
		};
		00A47A822B024C55001EDF1D /* HomePage */ = {
			isa = PBXGroup;
			children = (
				0C04A77C2AE94147002972CF /* HomeVC.swift */,
				0C04A7862AEA9FEE002972CF /* HomeTableCell.swift */,
				0C04A78A2AEAB8EA002972CF /* HomeCollectionCell.swift */,
				00C810A92AF391730077E800 /* HomeModel.swift */,
				00C810AB2AF3B86F0077E800 /* HomeVM.swift */,
			);
			path = HomePage;
			sourceTree = "<group>";
		};
		00A47A832B024CB9001EDF1D /* Settings */ = {
			isa = PBXGroup;
			children = (
				00C8106D2AEBB7A90077E800 /* SettingsVC.swift */,
				0C499D142AF917BE00A7C916 /* SettingCollectionCell.swift */,
				0C563C492AFCF6E800A0F5F0 /* SettingsVM.swift */,
				0C563C4B2AFCF84600A0F5F0 /* UserProfileResponse.swift */,
			);
			path = Settings;
			sourceTree = "<group>";
		};
		00A47A842B024CF5001EDF1D /* MapPage */ = {
			isa = PBXGroup;
			children = (
				00C8106B2AEBB79B0077E800 /* MapVC.swift */,
				0C2ECEE22AF1231B0013F6C5 /* CustomAnnotation.swift */,
				0C2ECEE62AF1239C0013F6C5 /* MapImageCollectionCell.swift */,
				0C988EAF2AF14EB80090E85A /* MapVM.swift */,
			);
			path = MapPage;
			sourceTree = "<group>";
		};
		00A47A852B025CD8001EDF1D /* BaseModels */ = {
			isa = PBXGroup;
			children = (
				0C499D0C2AF6DD5F00A7C916 /* ApiErrorStatus.swift */,
				0C988EE52AF679B30090E85A /* SuccessResponse.swift */,
				0C988EB32AF15F140090E85A /* Place.swift */,
			);
			path = BaseModels;
			sourceTree = "<group>";
		};
		00C810662AEBB3430077E800 /* MainTabBar */ = {
			isa = PBXGroup;
			children = (
				00C810712AEBB7DF0077E800 /* MainTabBar.swift */,
			);
			path = MainTabBar;
			sourceTree = "<group>";
		};
		00C810682AEBB63F0077E800 /* MyVisitsPage */ = {
			isa = PBXGroup;
			children = (
				00C8106F2AEBB7B70077E800 /* VisitsVC.swift */,
				00C810732AEBD5320077E800 /* VisitsCell.swift */,
				0C988ED52AF37EAC0090E85A /* Visit.swift */,
				00A47A8E2B04E21C001EDF1D /* MyVisitsVM.swift */,
			);
			path = MyVisitsPage;
			sourceTree = "<group>";
		};
		00C810692AEBB6490077E800 /* Menu */ = {
			isa = PBXGroup;
			children = (
				00A47A832B024CB9001EDF1D /* Settings */,
				0C499D162AF9478D00A7C916 /* SubSettings */,
			);
			path = Menu;
			sourceTree = "<group>";
		};
		00C8106A2AEBB6570077E800 /* Map */ = {
			isa = PBXGroup;
			children = (
				00A47A842B024CF5001EDF1D /* MapPage */,
				0C499D232AFA701900A7C916 /* AddNewPlacePage */,
			);
			path = Map;
			sourceTree = "<group>";
		};
		00C8109E2AF223530077E800 /* PopularPlacesPage */ = {
			isa = PBXGroup;
			children = (
				00C8109F2AF223740077E800 /* PopularPlacesVC.swift */,
				00C810A12AF2243E0077E800 /* PopularPlacesCell.swift */,
				00C810A52AF37BEE0077E800 /* PopularPlacesVM.swift */,
			);
			path = PopularPlacesPage;
			sourceTree = "<group>";
		};
		00C810BF2AF94FF40077E800 /* MyAddedPlacesPage */ = {
			isa = PBXGroup;
			children = (
				00C810C32AF950520077E800 /* MyAddedPlacesVC.swift */,
				00A47A8A2B0401F7001EDF1D /* MyAddedPlacesCell.swift */,
				00A47A8C2B0403A4001EDF1D /* MyAddedPlacesVM.swift */,
			);
			path = MyAddedPlacesPage;
			sourceTree = "<group>";
		};
		00C810C02AF950090077E800 /* NewPlacesPage */ = {
			isa = PBXGroup;
			children = (
				00C810C12AF9502A0077E800 /* NewPlacesVC.swift */,
				00C810C52AF95D0C0077E800 /* NewPlacesCell.swift */,
				00C810C72AF95D2A0077E800 /* NewPlacesVM.swift */,
			);
			path = NewPlacesPage;
			sourceTree = "<group>";
		};
		00C810CB2AF990330077E800 /* EditProfilePage */ = {
			isa = PBXGroup;
			children = (
				00C810CC2AF9904C0077E800 /* EditProfileVC.swift */,
				00A47A692AFA5528001EDF1D /* EditProfileVM.swift */,
				00A47A6B2AFA5710001EDF1D /* EditProfileModel.swift */,
			);
			path = EditProfilePage;
			sourceTree = "<group>";
		};
		0C04A77B2AE94111002972CF /* Home */ = {
			isa = PBXGroup;
			children = (
				00A47A822B024C55001EDF1D /* HomePage */,
				00C8109E2AF223530077E800 /* PopularPlacesPage */,
				00C810BF2AF94FF40077E800 /* MyAddedPlacesPage */,
				00C810C02AF950090077E800 /* NewPlacesPage */,
			);
			path = Home;
			sourceTree = "<group>";
		};
		0C32DE7C2B06A2B300D873C8 /* CustomViews */ = {
			isa = PBXGroup;
			children = (
				0CF742632ADB3546002B1389 /* UITextFieldCC.swift */,
				0CF742652ADB47B2002B1389 /* UILabelCC.swift */,
				0CD1F37F2B040891002B4486 /* UICustomViewController.swift */,
				0C32DE802B0A7B7A00D873C8 /* UIViewCC.swift */,
			);
			path = CustomViews;
			sourceTree = "<group>";
		};
		0C499D162AF9478D00A7C916 /* SubSettings */ = {
			isa = PBXGroup;
			children = (
				00A47A6D2AFA63E0001EDF1D /* Help&SupportPage */,
				0CD1F37C2B04006A002B4486 /* SecuritySettings */,
				0CE644B42B0CC4EC00127F78 /* About&Terms */,
			);
			path = SubSettings;
			sourceTree = "<group>";
		};
		0C499D232AFA701900A7C916 /* AddNewPlacePage */ = {
			isa = PBXGroup;
			children = (
				0C499D212AFA631600A7C916 /* UploadResponse.swift */,
				0C499D192AF97E4700A7C916 /* AddNewPlaceVM.swift */,
				00C8109C2AF169F50077E800 /* AddPlaceCollectionCell.swift */,
				00C810812AF0EB8F0077E800 /* AddNewPlaceVC.swift */,
			);
			path = AddNewPlacePage;
			sourceTree = "<group>";
		};
		0C988ECC2AF2C08B0090E85A /* PlaceDetailPage */ = {
			isa = PBXGroup;
			children = (
				0C988ED32AF2C15A0090E85A /* PlaceDetailCollectionCell.swift */,
				0C988ED12AF2C1460090E85A /* PlaceDetailVC.swift */,
				0C988ECF2AF2C11C0090E85A /* PlaceDetailLayout.swift */,
				0C988ECD2AF2C0EC0090E85A /* CompositionalLayoutCell.swift */,
				0C988EE12AF51EAD0090E85A /* PlaceDetailVM.swift */,
				0C988EE32AF527F80090E85A /* PlaceDetail.swift */,
				0C499D0E2AF6E9A400A7C916 /* PlaceDetailCellInfo.swift */,
			);
			path = PlaceDetailPage;
			sourceTree = "<group>";
		};
		0CD1F37C2B04006A002B4486 /* SecuritySettings */ = {
			isa = PBXGroup;
			children = (
				0C499D172AF9481500A7C916 /* SecuritySettingsVC.swift */,
				0C563C4F2AFE1C4A00A0F5F0 /* SecuritySettingsVM.swift */,
			);
			path = SecuritySettings;
			sourceTree = "<group>";
		};
		0CE644B42B0CC4EC00127F78 /* About&Terms */ = {
			isa = PBXGroup;
			children = (
				0CD1F37D2B0400B3002B4486 /* AboutUsVC.swift */,
				0081C4922B0CD50500D5A7BA /* TermsOfUse.swift */,
			);
			path = "About&Terms";
			sourceTree = "<group>";
		};
		0CF741E82AD99AC7002B1389 = {
			isa = PBXGroup;
			children = (
				0CF741F32AD99AC7002B1389 /* TravioProject */,
				0CF741F22AD99AC7002B1389 /* Products */,
			);
			sourceTree = "<group>";
		};
		0CF741F22AD99AC7002B1389 /* Products */ = {
			isa = PBXGroup;
			children = (
				0CF741F12AD99AC7002B1389 /* TravioProject.app */,
			);
			name = Products;
			sourceTree = "<group>";
		};
		0CF741F32AD99AC7002B1389 /* TravioProject */ = {
			isa = PBXGroup;
			children = (
				0CF741F42AD99AC7002B1389 /* AppDelegate.swift */,
				0CF741F62AD99AC7002B1389 /* SceneDelegate.swift */,
				0062B3C12AE910B0000066E5 /* LoginPage */,
				0062B3C22AE910E5000066E5 /* SignUpPage */,
				0C04A77B2AE94111002972CF /* Home */,
				00C810CB2AF990330077E800 /* EditProfilePage */,
				0C988ECC2AF2C08B0090E85A /* PlaceDetailPage */,
				00C810682AEBB63F0077E800 /* MyVisitsPage */,
				00C8106A2AEBB6570077E800 /* Map */,
				00C810692AEBB6490077E800 /* Menu */,
				00C810662AEBB3430077E800 /* MainTabBar */,
				00A47A852B025CD8001EDF1D /* BaseModels */,
				0062B3C02AE91055000066E5 /* Utils */,
				0CF742602ADB33AB002B1389 /* Customs */,
				0CF741FD2AD99AC9002B1389 /* Assets.xcassets */,
				0CF741FF2AD99AC9002B1389 /* LaunchScreen.storyboard */,
				0CF742022AD99AC9002B1389 /* Info.plist */,
			);
			path = TravioProject;
			sourceTree = "<group>";
		};
		0CF742392ADACB06002B1389 /* Poppins */ = {
			isa = PBXGroup;
			children = (
				0CF7423A2ADACB06002B1389 /* Poppins-ExtraLight.ttf */,
				0CF7423B2ADACB06002B1389 /* Poppins-ThinItalic.ttf */,
				0CF7423C2ADACB06002B1389 /* Poppins-ExtraLightItalic.ttf */,
				0CF7423D2ADACB06002B1389 /* Poppins-BoldItalic.ttf */,
				0CF7423E2ADACB06002B1389 /* Poppins-Light.ttf */,
				0CF7423F2ADACB06002B1389 /* Poppins-Medium.ttf */,
				0CF742402ADACB06002B1389 /* Poppins-SemiBoldItalic.ttf */,
				0CF742412ADACB06002B1389 /* Poppins-ExtraBoldItalic.ttf */,
				0CF742422ADACB06002B1389 /* Poppins-ExtraBold.ttf */,
				0CF742432ADACB06002B1389 /* Poppins-BlackItalic.ttf */,
				0CF742442ADACB06002B1389 /* OFL.txt */,
				0CF742452ADACB06002B1389 /* Poppins-Regular.ttf */,
				0CF742462ADACB06002B1389 /* Poppins-LightItalic.ttf */,
				0CF742472ADACB06002B1389 /* Poppins-Bold.ttf */,
				0CF742482ADACB06002B1389 /* Poppins-Black.ttf */,
				0CF742492ADACB06002B1389 /* Poppins-Thin.ttf */,
				0CF7424A2ADACB06002B1389 /* Poppins-SemiBold.ttf */,
				0CF7424B2ADACB06002B1389 /* Poppins-Italic.ttf */,
				0CF7424C2ADACB06002B1389 /* Poppins-MediumItalic.ttf */,
			);
			path = Poppins;
			sourceTree = "<group>";
		};
		0CF742602ADB33AB002B1389 /* Customs */ = {
			isa = PBXGroup;
			children = (
				0C32DE7C2B06A2B300D873C8 /* CustomViews */,
			);
			path = Customs;
			sourceTree = "<group>";
		};
/* End PBXGroup section */

/* Begin PBXNativeTarget section */
		0CF741F02AD99AC7002B1389 /* TravioProject */ = {
			isa = PBXNativeTarget;
			buildConfigurationList = 0CF742052AD99AC9002B1389 /* Build configuration list for PBXNativeTarget "TravioProject" */;
			buildPhases = (
				0CF741ED2AD99AC7002B1389 /* Sources */,
				0CF741EE2AD99AC7002B1389 /* Frameworks */,
				0CF741EF2AD99AC7002B1389 /* Resources */,
			);
			buildRules = (
			);
			dependencies = (
			);
			name = TravioProject;
			packageProductDependencies = (
				00C810912AF0EDA70077E800 /* TinyConstraints */,
				00C810942AF0EDAF0077E800 /* Alamofire */,
				00C810AE2AF4D0700077E800 /* Kingfisher */,
				00C810B12AF8CC7C0077E800 /* SnapKit */,
				00A47A7E2AFFD257001EDF1D /* IQKeyboardManagerSwift */,
			);
			productName = TravioProject;
			productReference = 0CF741F12AD99AC7002B1389 /* TravioProject.app */;
			productType = "com.apple.product-type.application";
		};
/* End PBXNativeTarget section */

/* Begin PBXProject section */
		0CF741E92AD99AC7002B1389 /* Project object */ = {
			isa = PBXProject;
			attributes = {
				BuildIndependentTargetsInParallel = 1;
				LastSwiftUpdateCheck = 1430;
				LastUpgradeCheck = 1430;
				TargetAttributes = {
					0CF741F02AD99AC7002B1389 = {
						CreatedOnToolsVersion = 14.3.1;
					};
				};
			};
			buildConfigurationList = 0CF741EC2AD99AC7002B1389 /* Build configuration list for PBXProject "TravioProject" */;
			compatibilityVersion = "Xcode 14.0";
			developmentRegion = en;
			hasScannedForEncodings = 0;
			knownRegions = (
				en,
				Base,
			);
			mainGroup = 0CF741E82AD99AC7002B1389;
			packageReferences = (
				00C810902AF0EDA70077E800 /* XCRemoteSwiftPackageReference "TinyConstraints" */,
				00C810932AF0EDAF0077E800 /* XCRemoteSwiftPackageReference "Alamofire" */,
				00C810AD2AF4D0700077E800 /* XCRemoteSwiftPackageReference "Kingfisher" */,
				00C810B02AF8CC7C0077E800 /* XCRemoteSwiftPackageReference "SnapKit" */,
				00A47A7D2AFFD257001EDF1D /* XCRemoteSwiftPackageReference "IQKeyboardManager" */,
			);
			productRefGroup = 0CF741F22AD99AC7002B1389 /* Products */;
			projectDirPath = "";
			projectRoot = "";
			targets = (
				0CF741F02AD99AC7002B1389 /* TravioProject */,
			);
		};
/* End PBXProject section */

/* Begin PBXResourcesBuildPhase section */
		0CF741EF2AD99AC7002B1389 /* Resources */ = {
			isa = PBXResourcesBuildPhase;
			buildActionMask = 2147483647;
			files = (
				0CF742512ADACB06002B1389 /* Poppins-Light.ttf in Resources */,
				0CF7425B2ADACB06002B1389 /* Poppins-Black.ttf in Resources */,
				0CF742592ADACB06002B1389 /* Poppins-LightItalic.ttf in Resources */,
				0CF7425C2ADACB06002B1389 /* Poppins-Thin.ttf in Resources */,
				0CF7424D2ADACB06002B1389 /* Poppins-ExtraLight.ttf in Resources */,
				0CF7425D2ADACB06002B1389 /* Poppins-SemiBold.ttf in Resources */,
				0CF7425A2ADACB06002B1389 /* Poppins-Bold.ttf in Resources */,
				0CF7424E2ADACB06002B1389 /* Poppins-ThinItalic.ttf in Resources */,
				0CF7424F2ADACB06002B1389 /* Poppins-ExtraLightItalic.ttf in Resources */,
				0CF742562ADACB06002B1389 /* Poppins-BlackItalic.ttf in Resources */,
				0CF742542ADACB06002B1389 /* Poppins-ExtraBoldItalic.ttf in Resources */,
				0CF742502ADACB06002B1389 /* Poppins-BoldItalic.ttf in Resources */,
				0CF742532ADACB06002B1389 /* Poppins-SemiBoldItalic.ttf in Resources */,
				0CF742572ADACB06002B1389 /* OFL.txt in Resources */,
				0CF742582ADACB06002B1389 /* Poppins-Regular.ttf in Resources */,
				0CF742552ADACB06002B1389 /* Poppins-ExtraBold.ttf in Resources */,
				0CF742522ADACB06002B1389 /* Poppins-Medium.ttf in Resources */,
				0CF742012AD99AC9002B1389 /* LaunchScreen.storyboard in Resources */,
				0CF7425E2ADACB06002B1389 /* Poppins-Italic.ttf in Resources */,
				0CF7425F2ADACB06002B1389 /* Poppins-MediumItalic.ttf in Resources */,
				0CF741FE2AD99AC9002B1389 /* Assets.xcassets in Resources */,
			);
			runOnlyForDeploymentPostprocessing = 0;
		};
/* End PBXResourcesBuildPhase section */

/* Begin PBXSourcesBuildPhase section */
		0CF741ED2AD99AC7002B1389 /* Sources */ = {
			isa = PBXSourcesBuildPhase;
			buildActionMask = 2147483647;
			files = (
				00C810CD2AF9904D0077E800 /* EditProfileVC.swift in Sources */,
				0C04A7812AEA4B5D002972CF /* LoginVM.swift in Sources */,
				0C499D182AF9481500A7C916 /* SecuritySettingsVC.swift in Sources */,
				0C20B7C22ADC322900C71BF7 /* SignUpVC.swift in Sources */,
				0C988EE42AF527F80090E85A /* PlaceDetail.swift in Sources */,
				0CF742662ADB47B2002B1389 /* UILabelCC.swift in Sources */,
				0C499D222AFA631600A7C916 /* UploadResponse.swift in Sources */,
				00C810AC2AF3B86F0077E800 /* HomeVM.swift in Sources */,
				00C810AA2AF391730077E800 /* HomeModel.swift in Sources */,
				0C2ECED62AF0D6AA0013F6C5 /* KeychainHelper.swift in Sources */,
				00C810C82AF95D2A0077E800 /* NewPlacesVM.swift in Sources */,
				0C2ECEE32AF1231B0013F6C5 /* CustomAnnotation.swift in Sources */,
				0C2ECEE72AF1239C0013F6C5 /* MapImageCollectionCell.swift in Sources */,
				00C810A62AF37BEE0077E800 /* PopularPlacesVM.swift in Sources */,
				0CD1F3802B040891002B4486 /* UICustomViewController.swift in Sources */,
				00C810C42AF950520077E800 /* MyAddedPlacesVC.swift in Sources */,
				0CF741F52AD99AC7002B1389 /* AppDelegate.swift in Sources */,
				0C988ED02AF2C11C0090E85A /* PlaceDetailLayout.swift in Sources */,
				0C563C502AFE1C4A00A0F5F0 /* SecuritySettingsVM.swift in Sources */,
				0C04A7762AE933B1002972CF /* GenericNetworkingHelper.swift in Sources */,
				00C8106E2AEBB7A90077E800 /* SettingsVC.swift in Sources */,
				0C563C4C2AFCF84600A0F5F0 /* UserProfileResponse.swift in Sources */,
				00C810702AEBB7B70077E800 /* VisitsVC.swift in Sources */,
				00C810C22AF9502A0077E800 /* NewPlacesVC.swift in Sources */,
				00C810A02AF223740077E800 /* PopularPlacesVC.swift in Sources */,
				00C810742AEBD5320077E800 /* VisitsCell.swift in Sources */,
				00C810722AEBB7DF0077E800 /* MainTabBar.swift in Sources */,
				0C499D1A2AF97E4700A7C916 /* AddNewPlaceVM.swift in Sources */,
				00A47A6A2AFA5528001EDF1D /* EditProfileVM.swift in Sources */,
				0C04A7712AE92CA5002972CF /* Router.swift in Sources */,
				00C8109D2AF169F50077E800 /* AddPlaceCollectionCell.swift in Sources */,
				00A47A8F2B04E21C001EDF1D /* MyVisitsVM.swift in Sources */,
				0C32DE812B0A7B7A00D873C8 /* UIViewCC.swift in Sources */,
				0062B3C42AEA4B7A000066E5 /* SignUpVM.swift in Sources */,
				0081C4932B0CD50500D5A7BA /* TermsOfUse.swift in Sources */,
				0C988ED62AF37EAC0090E85A /* Visit.swift in Sources */,
				00A47A8B2B0401F7001EDF1D /* MyAddedPlacesCell.swift in Sources */,
				00A47A6F2AFA6657001EDF1D /* HelpAndSupportVC.swift in Sources */,
				0C988EB42AF15F140090E85A /* Place.swift in Sources */,
				00A47A8D2B0403A4001EDF1D /* MyAddedPlacesVM.swift in Sources */,
				0C563C4A2AFCF6E800A0F5F0 /* SettingsVM.swift in Sources */,
				0C988ED22AF2C1460090E85A /* PlaceDetailVC.swift in Sources */,
				0C988ED42AF2C15A0090E85A /* PlaceDetailCollectionCell.swift in Sources */,
				0C499D0D2AF6DD5F00A7C916 /* ApiErrorStatus.swift in Sources */,
				0CF742112AD99FE8002B1389 /* Extentions.swift in Sources */,
				0C04A7852AEA817B002972CF /* LoginSuccessResponse.swift in Sources */,
				0C988EE62AF679B30090E85A /* SuccessResponse.swift in Sources */,
				0CD1F37E2B0400B3002B4486 /* AboutUsVC.swift in Sources */,
				0C988EE62AF679B30090E85A /* SuccessResponse.swift in Sources */,
				00A47A6C2AFA5710001EDF1D /* EditProfileModel.swift in Sources */,
				0C04A78B2AEAB8EA002972CF /* HomeCollectionCell.swift in Sources */,
				0C988EB02AF14EB80090E85A /* MapVM.swift in Sources */,
				0C499D0F2AF6E9A400A7C916 /* PlaceDetailCellInfo.swift in Sources */,
				00C8106C2AEBB79B0077E800 /* MapVC.swift in Sources */,
				0C988ECE2AF2C0EC0090E85A /* CompositionalLayoutCell.swift in Sources */,
				0CF742092AD99B64002B1389 /* LoginVC.swift in Sources */,
				00C810C62AF95D0C0077E800 /* NewPlacesCell.swift in Sources */,
				00C810A22AF2243E0077E800 /* PopularPlacesCell.swift in Sources */,
				0C04A7872AEA9FEE002972CF /* HomeTableCell.swift in Sources */,
				0C499D152AF917BE00A7C916 /* SettingCollectionCell.swift in Sources */,
				0CF741F72AD99AC7002B1389 /* SceneDelegate.swift in Sources */,
				0CF742642ADB3546002B1389 /* UITextFieldCC.swift in Sources */,
				00A47A732AFA6D46001EDF1D /* HelpAndSupportCell.swift in Sources */,
				00C810822AF0EB8F0077E800 /* AddNewPlaceVC.swift in Sources */,
				0C04A77D2AE94147002972CF /* HomeVC.swift in Sources */,
				0C988EE22AF51EAD0090E85A /* PlaceDetailVM.swift in Sources */,
			);
			runOnlyForDeploymentPostprocessing = 0;
		};
/* End PBXSourcesBuildPhase section */

/* Begin PBXVariantGroup section */
		0CF741FF2AD99AC9002B1389 /* LaunchScreen.storyboard */ = {
			isa = PBXVariantGroup;
			children = (
				0CF742002AD99AC9002B1389 /* Base */,
			);
			name = LaunchScreen.storyboard;
			sourceTree = "<group>";
		};
/* End PBXVariantGroup section */

/* Begin XCBuildConfiguration section */
		0CF742032AD99AC9002B1389 /* Debug */ = {
			isa = XCBuildConfiguration;
			buildSettings = {
				ALWAYS_SEARCH_USER_PATHS = NO;
				CLANG_ANALYZER_NONNULL = YES;
				CLANG_ANALYZER_NUMBER_OBJECT_CONVERSION = YES_AGGRESSIVE;
				CLANG_CXX_LANGUAGE_STANDARD = "gnu++20";
				CLANG_ENABLE_MODULES = YES;
				CLANG_ENABLE_OBJC_ARC = YES;
				CLANG_ENABLE_OBJC_WEAK = YES;
				CLANG_WARN_BLOCK_CAPTURE_AUTORELEASING = YES;
				CLANG_WARN_BOOL_CONVERSION = YES;
				CLANG_WARN_COMMA = YES;
				CLANG_WARN_CONSTANT_CONVERSION = YES;
				CLANG_WARN_DEPRECATED_OBJC_IMPLEMENTATIONS = YES;
				CLANG_WARN_DIRECT_OBJC_ISA_USAGE = YES_ERROR;
				CLANG_WARN_DOCUMENTATION_COMMENTS = YES;
				CLANG_WARN_EMPTY_BODY = YES;
				CLANG_WARN_ENUM_CONVERSION = YES;
				CLANG_WARN_INFINITE_RECURSION = YES;
				CLANG_WARN_INT_CONVERSION = YES;
				CLANG_WARN_NON_LITERAL_NULL_CONVERSION = YES;
				CLANG_WARN_OBJC_IMPLICIT_RETAIN_SELF = YES;
				CLANG_WARN_OBJC_LITERAL_CONVERSION = YES;
				CLANG_WARN_OBJC_ROOT_CLASS = YES_ERROR;
				CLANG_WARN_QUOTED_INCLUDE_IN_FRAMEWORK_HEADER = YES;
				CLANG_WARN_RANGE_LOOP_ANALYSIS = YES;
				CLANG_WARN_STRICT_PROTOTYPES = YES;
				CLANG_WARN_SUSPICIOUS_MOVE = YES;
				CLANG_WARN_UNGUARDED_AVAILABILITY = YES_AGGRESSIVE;
				CLANG_WARN_UNREACHABLE_CODE = YES;
				CLANG_WARN__DUPLICATE_METHOD_MATCH = YES;
				COPY_PHASE_STRIP = NO;
				DEBUG_INFORMATION_FORMAT = dwarf;
				ENABLE_STRICT_OBJC_MSGSEND = YES;
				ENABLE_TESTABILITY = YES;
				GCC_C_LANGUAGE_STANDARD = gnu11;
				GCC_DYNAMIC_NO_PIC = NO;
				GCC_NO_COMMON_BLOCKS = YES;
				GCC_OPTIMIZATION_LEVEL = 0;
				GCC_PREPROCESSOR_DEFINITIONS = (
					"DEBUG=1",
					"$(inherited)",
				);
				GCC_WARN_64_TO_32_BIT_CONVERSION = YES;
				GCC_WARN_ABOUT_RETURN_TYPE = YES_ERROR;
				GCC_WARN_UNDECLARED_SELECTOR = YES;
				GCC_WARN_UNINITIALIZED_AUTOS = YES_AGGRESSIVE;
				GCC_WARN_UNUSED_FUNCTION = YES;
				GCC_WARN_UNUSED_VARIABLE = YES;
				IPHONEOS_DEPLOYMENT_TARGET = 16.4;
				MTL_ENABLE_DEBUG_INFO = INCLUDE_SOURCE;
				MTL_FAST_MATH = YES;
				ONLY_ACTIVE_ARCH = YES;
				SDKROOT = iphoneos;
				SWIFT_ACTIVE_COMPILATION_CONDITIONS = DEBUG;
				SWIFT_OPTIMIZATION_LEVEL = "-Onone";
			};
			name = Debug;
		};
		0CF742042AD99AC9002B1389 /* Release */ = {
			isa = XCBuildConfiguration;
			buildSettings = {
				ALWAYS_SEARCH_USER_PATHS = NO;
				CLANG_ANALYZER_NONNULL = YES;
				CLANG_ANALYZER_NUMBER_OBJECT_CONVERSION = YES_AGGRESSIVE;
				CLANG_CXX_LANGUAGE_STANDARD = "gnu++20";
				CLANG_ENABLE_MODULES = YES;
				CLANG_ENABLE_OBJC_ARC = YES;
				CLANG_ENABLE_OBJC_WEAK = YES;
				CLANG_WARN_BLOCK_CAPTURE_AUTORELEASING = YES;
				CLANG_WARN_BOOL_CONVERSION = YES;
				CLANG_WARN_COMMA = YES;
				CLANG_WARN_CONSTANT_CONVERSION = YES;
				CLANG_WARN_DEPRECATED_OBJC_IMPLEMENTATIONS = YES;
				CLANG_WARN_DIRECT_OBJC_ISA_USAGE = YES_ERROR;
				CLANG_WARN_DOCUMENTATION_COMMENTS = YES;
				CLANG_WARN_EMPTY_BODY = YES;
				CLANG_WARN_ENUM_CONVERSION = YES;
				CLANG_WARN_INFINITE_RECURSION = YES;
				CLANG_WARN_INT_CONVERSION = YES;
				CLANG_WARN_NON_LITERAL_NULL_CONVERSION = YES;
				CLANG_WARN_OBJC_IMPLICIT_RETAIN_SELF = YES;
				CLANG_WARN_OBJC_LITERAL_CONVERSION = YES;
				CLANG_WARN_OBJC_ROOT_CLASS = YES_ERROR;
				CLANG_WARN_QUOTED_INCLUDE_IN_FRAMEWORK_HEADER = YES;
				CLANG_WARN_RANGE_LOOP_ANALYSIS = YES;
				CLANG_WARN_STRICT_PROTOTYPES = YES;
				CLANG_WARN_SUSPICIOUS_MOVE = YES;
				CLANG_WARN_UNGUARDED_AVAILABILITY = YES_AGGRESSIVE;
				CLANG_WARN_UNREACHABLE_CODE = YES;
				CLANG_WARN__DUPLICATE_METHOD_MATCH = YES;
				COPY_PHASE_STRIP = NO;
				DEBUG_INFORMATION_FORMAT = "dwarf-with-dsym";
				ENABLE_NS_ASSERTIONS = NO;
				ENABLE_STRICT_OBJC_MSGSEND = YES;
				GCC_C_LANGUAGE_STANDARD = gnu11;
				GCC_NO_COMMON_BLOCKS = YES;
				GCC_WARN_64_TO_32_BIT_CONVERSION = YES;
				GCC_WARN_ABOUT_RETURN_TYPE = YES_ERROR;
				GCC_WARN_UNDECLARED_SELECTOR = YES;
				GCC_WARN_UNINITIALIZED_AUTOS = YES_AGGRESSIVE;
				GCC_WARN_UNUSED_FUNCTION = YES;
				GCC_WARN_UNUSED_VARIABLE = YES;
				IPHONEOS_DEPLOYMENT_TARGET = 16.4;
				MTL_ENABLE_DEBUG_INFO = NO;
				MTL_FAST_MATH = YES;
				SDKROOT = iphoneos;
				SWIFT_COMPILATION_MODE = wholemodule;
				SWIFT_OPTIMIZATION_LEVEL = "-O";
				VALIDATE_PRODUCT = YES;
			};
			name = Release;
		};
		0CF742062AD99AC9002B1389 /* Debug */ = {
			isa = XCBuildConfiguration;
			buildSettings = {
				ASSETCATALOG_COMPILER_APPICON_NAME = AppIcon;
				ASSETCATALOG_COMPILER_GLOBAL_ACCENT_COLOR_NAME = AccentColor;
				CODE_SIGN_IDENTITY = "Apple Development";
				CODE_SIGN_STYLE = Automatic;
				CURRENT_PROJECT_VERSION = 1;
				DEVELOPMENT_TEAM = 8LK4NW3VS8;
				GENERATE_INFOPLIST_FILE = YES;
				INFOPLIST_FILE = TravioProject/Info.plist;
				INFOPLIST_KEY_NSCameraUsageDescription = "We need to access your camera to take photos.";
				INFOPLIST_KEY_NSLocationAlwaysAndWhenInUseUsageDescription = "Near me requires location so it can offer nearby points of interests.";
				INFOPLIST_KEY_NSLocationWhenInUseUsageDescription = "Near me requires location so it can offer nearby points of interests.";
				INFOPLIST_KEY_NSPhotoLibraryUsageDescription = "Please allow access to select a photo for your profile.";
				INFOPLIST_KEY_UIApplicationSupportsIndirectInputEvents = YES;
				INFOPLIST_KEY_UILaunchStoryboardName = LaunchScreen;
				INFOPLIST_KEY_UISupportedInterfaceOrientations_iPad = "UIInterfaceOrientationPortrait UIInterfaceOrientationPortraitUpsideDown UIInterfaceOrientationLandscapeLeft UIInterfaceOrientationLandscapeRight";
				INFOPLIST_KEY_UISupportedInterfaceOrientations_iPhone = "UIInterfaceOrientationPortrait UIInterfaceOrientationLandscapeLeft UIInterfaceOrientationLandscapeRight";
				IPHONEOS_DEPLOYMENT_TARGET = 15.6;
				LD_RUNPATH_SEARCH_PATHS = (
					"$(inherited)",
					"@executable_path/Frameworks",
				);
				MARKETING_VERSION = 1.0;
				PRODUCT_BUNDLE_IDENTIFIER = com.burakozer.TravioProject;
				PRODUCT_NAME = "$(TARGET_NAME)";
				PROVISIONING_PROFILE_SPECIFIER = "";
				SWIFT_EMIT_LOC_STRINGS = YES;
				SWIFT_VERSION = 5.0;
				TARGETED_DEVICE_FAMILY = "1,2";
			};
			name = Debug;
		};
		0CF742072AD99AC9002B1389 /* Release */ = {
			isa = XCBuildConfiguration;
			buildSettings = {
				ASSETCATALOG_COMPILER_APPICON_NAME = AppIcon;
				ASSETCATALOG_COMPILER_GLOBAL_ACCENT_COLOR_NAME = AccentColor;
				CODE_SIGN_IDENTITY = "Apple Development";
				CODE_SIGN_STYLE = Automatic;
				CURRENT_PROJECT_VERSION = 1;
				DEVELOPMENT_TEAM = 8LK4NW3VS8;
				GENERATE_INFOPLIST_FILE = YES;
				INFOPLIST_FILE = TravioProject/Info.plist;
				INFOPLIST_KEY_NSCameraUsageDescription = "We need to access your camera to take photos.";
				INFOPLIST_KEY_NSLocationAlwaysAndWhenInUseUsageDescription = "Near me requires location so it can offer nearby points of interests.";
				INFOPLIST_KEY_NSLocationWhenInUseUsageDescription = "Near me requires location so it can offer nearby points of interests.";
				INFOPLIST_KEY_NSPhotoLibraryUsageDescription = "Please allow access to select a photo for your profile.";
				INFOPLIST_KEY_UIApplicationSupportsIndirectInputEvents = YES;
				INFOPLIST_KEY_UILaunchStoryboardName = LaunchScreen;
				INFOPLIST_KEY_UISupportedInterfaceOrientations_iPad = "UIInterfaceOrientationPortrait UIInterfaceOrientationPortraitUpsideDown UIInterfaceOrientationLandscapeLeft UIInterfaceOrientationLandscapeRight";
				INFOPLIST_KEY_UISupportedInterfaceOrientations_iPhone = "UIInterfaceOrientationPortrait UIInterfaceOrientationLandscapeLeft UIInterfaceOrientationLandscapeRight";
				IPHONEOS_DEPLOYMENT_TARGET = 15.6;
				LD_RUNPATH_SEARCH_PATHS = (
					"$(inherited)",
					"@executable_path/Frameworks",
				);
				MARKETING_VERSION = 1.0;
				PRODUCT_BUNDLE_IDENTIFIER = com.burakozer.TravioProject;
				PRODUCT_NAME = "$(TARGET_NAME)";
				PROVISIONING_PROFILE_SPECIFIER = "";
				SWIFT_EMIT_LOC_STRINGS = YES;
				SWIFT_VERSION = 5.0;
				TARGETED_DEVICE_FAMILY = "1,2";
			};
			name = Release;
		};
/* End XCBuildConfiguration section */

/* Begin XCConfigurationList section */
		0CF741EC2AD99AC7002B1389 /* Build configuration list for PBXProject "TravioProject" */ = {
			isa = XCConfigurationList;
			buildConfigurations = (
				0CF742032AD99AC9002B1389 /* Debug */,
				0CF742042AD99AC9002B1389 /* Release */,
			);
			defaultConfigurationIsVisible = 0;
			defaultConfigurationName = Release;
		};
		0CF742052AD99AC9002B1389 /* Build configuration list for PBXNativeTarget "TravioProject" */ = {
			isa = XCConfigurationList;
			buildConfigurations = (
				0CF742062AD99AC9002B1389 /* Debug */,
				0CF742072AD99AC9002B1389 /* Release */,
			);
			defaultConfigurationIsVisible = 0;
			defaultConfigurationName = Release;
		};
/* End XCConfigurationList section */

/* Begin XCRemoteSwiftPackageReference section */
		00A47A7D2AFFD257001EDF1D /* XCRemoteSwiftPackageReference "IQKeyboardManager" */ = {
			isa = XCRemoteSwiftPackageReference;
			repositoryURL = "https://github.com/hackiftekhar/IQKeyboardManager.git";
			requirement = {
				kind = upToNextMajorVersion;
				minimumVersion = 6.5.16;
			};
		};
		00C810902AF0EDA70077E800 /* XCRemoteSwiftPackageReference "TinyConstraints" */ = {
			isa = XCRemoteSwiftPackageReference;
			repositoryURL = "https://github.com/roberthein/TinyConstraints.git";
			requirement = {
				kind = upToNextMajorVersion;
				minimumVersion = 4.0.2;
			};
		};
		00C810932AF0EDAF0077E800 /* XCRemoteSwiftPackageReference "Alamofire" */ = {
			isa = XCRemoteSwiftPackageReference;
			repositoryURL = "https://github.com/Alamofire/Alamofire.git";
			requirement = {
				kind = upToNextMajorVersion;
				minimumVersion = 5.8.1;
			};
		};
		00C810AD2AF4D0700077E800 /* XCRemoteSwiftPackageReference "Kingfisher" */ = {
			isa = XCRemoteSwiftPackageReference;
			repositoryURL = "https://github.com/onevcat/Kingfisher.git";
			requirement = {
				kind = upToNextMajorVersion;
				minimumVersion = 7.10.0;
			};
		};
		00C810B02AF8CC7C0077E800 /* XCRemoteSwiftPackageReference "SnapKit" */ = {
			isa = XCRemoteSwiftPackageReference;
			repositoryURL = "https://github.com/SnapKit/SnapKit.git";
			requirement = {
				kind = upToNextMajorVersion;
				minimumVersion = 5.6.0;
			};
		};
/* End XCRemoteSwiftPackageReference section */

/* Begin XCSwiftPackageProductDependency section */
		00A47A7E2AFFD257001EDF1D /* IQKeyboardManagerSwift */ = {
			isa = XCSwiftPackageProductDependency;
			package = 00A47A7D2AFFD257001EDF1D /* XCRemoteSwiftPackageReference "IQKeyboardManager" */;
			productName = IQKeyboardManagerSwift;
		};
		00C810912AF0EDA70077E800 /* TinyConstraints */ = {
			isa = XCSwiftPackageProductDependency;
			package = 00C810902AF0EDA70077E800 /* XCRemoteSwiftPackageReference "TinyConstraints" */;
			productName = TinyConstraints;
		};
		00C810942AF0EDAF0077E800 /* Alamofire */ = {
			isa = XCSwiftPackageProductDependency;
			package = 00C810932AF0EDAF0077E800 /* XCRemoteSwiftPackageReference "Alamofire" */;
			productName = Alamofire;
		};
		00C810AE2AF4D0700077E800 /* Kingfisher */ = {
			isa = XCSwiftPackageProductDependency;
			package = 00C810AD2AF4D0700077E800 /* XCRemoteSwiftPackageReference "Kingfisher" */;
			productName = Kingfisher;
		};
		00C810B12AF8CC7C0077E800 /* SnapKit */ = {
			isa = XCSwiftPackageProductDependency;
			package = 00C810B02AF8CC7C0077E800 /* XCRemoteSwiftPackageReference "SnapKit" */;
			productName = SnapKit;
		};
/* End XCSwiftPackageProductDependency section */
	};
	rootObject = 0CF741E92AD99AC7002B1389 /* Project object */;
}
